<?xml version="1.0" encoding="utf-8"?>
<Project ToolsVersion="15.0" xmlns="http://schemas.microsoft.com/developer/msbuild/2003">
  <ItemGroup>
    <CustomBuild Include="D:\david\codi\NGenius\assimp-4.1.0\CMakeFiles\b38d52815b45d9d43b0ca463f2ec4167\INSTALL_force.rule">
      <Filter>CMake Rules</Filter>
    </CustomBuild>
  </ItemGroup>
  <ItemGroup>
    <Filter Include="CMake Rules">
      <UniqueIdentifier>{E5A57417-85D3-3C8F-9753-8C6A9062CE5E}</UniqueIdentifier>
    </Filter>
  </ItemGroup>
</Project>
