<?xml version="1.0" encoding="utf-8"?>
<Project ToolsVersion="4.0" xmlns="http://schemas.microsoft.com/developer/msbuild/2003">
  <ItemGroup>
    <Filter Include="Source Files">
      <UniqueIdentifier>{4FC737F1-C7A5-4376-A066-2A32D752A2FF}</UniqueIdentifier>
      <Extensions>cpp;c;cc;cxx;def;odl;idl;hpj;bat;asm;asmx</Extensions>
    </Filter>
    <Filter Include="Header Files">
      <UniqueIdentifier>{93995380-89BD-4b04-88EB-625FBE52EBFB}</UniqueIdentifier>
      <Extensions>h;hh;hpp;hxx;hm;inl;inc;xsd</Extensions>
    </Filter>
    <Filter Include="Resource Files">
      <UniqueIdentifier>{67DA6AB6-F800-4c08-8B7A-83BB121AAD01}</UniqueIdentifier>
      <Extensions>rc;ico;cur;bmp;dlg;rc2;rct;bin;rgs;gif;jpg;jpeg;jpe;resx;tiff;tif;png;wav;mfcribbon-ms</Extensions>
    </Filter>
    <Filter Include="Header Files\resources">
      <UniqueIdentifier>{b4237323-482a-470c-b289-bda9c22400b5}</UniqueIdentifier>
    </Filter>
    <Filter Include="Source Files\resources">
      <UniqueIdentifier>{8f064e0d-477c-48eb-a3d8-a120b99034f2}</UniqueIdentifier>
    </Filter>
    <Filter Include="Source Files\resources\shaders">
      <UniqueIdentifier>{26be7ddc-d2f3-4973-a0d9-10302f3b413e}</UniqueIdentifier>
    </Filter>
    <Filter Include="Source Files\resources\textures">
      <UniqueIdentifier>{d6ef87a0-030d-4426-a4a4-ce929df009b5}</UniqueIdentifier>
    </Filter>
    <Filter Include="Header Files\resources\textures">
      <UniqueIdentifier>{e8136aac-1cb9-43dc-8afc-d706c6180138}</UniqueIdentifier>
    </Filter>
    <Filter Include="Header Files\resources\shaders">
      <UniqueIdentifier>{860f7496-3c02-4442-8ebb-4d21ac88d4c0}</UniqueIdentifier>
    </Filter>
    <Filter Include="Header Files\resources\components">
      <UniqueIdentifier>{5c8f0797-5d65-4b3b-9a03-61106f08c2b6}</UniqueIdentifier>
    </Filter>
    <Filter Include="Source Files\resources\components">
      <UniqueIdentifier>{f0cbb809-51c1-4a81-b72b-a05202fd995d}</UniqueIdentifier>
    </Filter>
    <Filter Include="Source Files\loader">
      <UniqueIdentifier>{c646efbc-5f5f-430b-8be4-4f00a4ae2281}</UniqueIdentifier>
    </Filter>
    <Filter Include="Header Files\loader">
      <UniqueIdentifier>{79dca0b8-d3a1-4d15-99e5-99b12c6bd309}</UniqueIdentifier>
    </Filter>
    <Filter Include="Source Files\resources\models">
      <UniqueIdentifier>{e6afdb71-2ff7-445e-a425-8bb69f305090}</UniqueIdentifier>
    </Filter>
    <Filter Include="Header Files\resources\models">
      <UniqueIdentifier>{759b76d5-d9fb-423a-ba80-e40d479907f4}</UniqueIdentifier>
    </Filter>
    <Filter Include="Header Files\resources\systems">
      <UniqueIdentifier>{0936ca6e-4759-4f29-aea2-4ef5d34f4863}</UniqueIdentifier>
    </Filter>
    <Filter Include="Source Files\resources\systems">
      <UniqueIdentifier>{b295b8c6-ae60-4631-bb3c-025b19126e72}</UniqueIdentifier>
    </Filter>
    <Filter Include="Header Files\resources\entities">
      <UniqueIdentifier>{678470d0-5106-4b40-b502-4c87aacf54b8}</UniqueIdentifier>
    </Filter>
    <Filter Include="Source Files\resources\entities">
      <UniqueIdentifier>{7038986d-99e2-485f-bc2a-95bd0c8f66e6}</UniqueIdentifier>
    </Filter>
    <Filter Include="Header Files\resources\camera">
      <UniqueIdentifier>{6aed71e4-3a3a-49da-92c2-e198c73d94a6}</UniqueIdentifier>
    </Filter>
    <Filter Include="Source Files\resources\camera">
      <UniqueIdentifier>{31fffe66-6072-40fe-b893-ca64a738613e}</UniqueIdentifier>
    </Filter>
    <Filter Include="Source Files\shaders">
      <UniqueIdentifier>{9d69fb03-7fdf-4536-9843-625ae864df7a}</UniqueIdentifier>
    </Filter>
    <Filter Include="Source Files\shaders\fragment">
      <UniqueIdentifier>{34b4f19d-c6bd-4764-a01e-8fa81f28a3d0}</UniqueIdentifier>
    </Filter>
    <Filter Include="Source Files\shaders\vertex">
      <UniqueIdentifier>{c47d17ed-42b4-4729-967d-f7b5555c404e}</UniqueIdentifier>
    </Filter>
    <Filter Include="Header Files\resources\font">
      <UniqueIdentifier>{6af4eaa7-a9dc-4886-b2cf-abf0a32f1045}</UniqueIdentifier>
    </Filter>
    <Filter Include="Source Files\resources\font">
      <UniqueIdentifier>{4e737ab3-91b3-4abc-93f8-3b16f3890205}</UniqueIdentifier>
    </Filter>
    <Filter Include="Source Files\resources\systems\renderSystem">
      <UniqueIdentifier>{6444d132-836b-43db-9098-7c13aedefe26}</UniqueIdentifier>
    </Filter>
    <Filter Include="Header Files\resources\systems\renderSystem">
      <UniqueIdentifier>{d3ec1117-5473-4d0c-a582-77e9353e59df}</UniqueIdentifier>
    </Filter>
    <Filter Include="Header Files\resources\materials">
      <UniqueIdentifier>{8dbc41b5-0a8e-4239-b11c-3f872888d80d}</UniqueIdentifier>
    </Filter>
    <Filter Include="Source Files\resources\materials">
      <UniqueIdentifier>{b6459982-7af3-4e1f-880b-e6ffbbe3a458}</UniqueIdentifier>
    </Filter>
    <Filter Include="Source Files\resources\renderers">
      <UniqueIdentifier>{6d1d937b-8552-468d-abb4-5ad774da8b2c}</UniqueIdentifier>
    </Filter>
    <Filter Include="Header Files\resources\renderers">
      <UniqueIdentifier>{0eafe5b9-db6e-474e-a4bf-40a72d69da27}</UniqueIdentifier>
    </Filter>
    <Filter Include="Source Files\resources\materials\effects">
      <UniqueIdentifier>{86251382-a004-4faa-a3c8-6895cf59b502}</UniqueIdentifier>
    </Filter>
    <Filter Include="Header Files\resources\materials\effects">
      <UniqueIdentifier>{cca33aa1-84bb-4323-a091-dd5494bacd68}</UniqueIdentifier>
    </Filter>
    <Filter Include="Source Files\resources\command">
      <UniqueIdentifier>{e2510ea2-5e3b-45bb-b20c-8feb386ba768}</UniqueIdentifier>
    </Filter>
    <Filter Include="Header Files\resources\command">
      <UniqueIdentifier>{bbd3ade9-ea63-4743-9212-a122e519fd03}</UniqueIdentifier>
    </Filter>
    <Filter Include="Header Files\resources\command\commands">
      <UniqueIdentifier>{86b79763-48a8-44d4-8956-177640c49ec0}</UniqueIdentifier>
    </Filter>
    <Filter Include="Source Files\resources\command\commands">
      <UniqueIdentifier>{18f4b866-22d6-40fd-91c4-6b9c092eba4c}</UniqueIdentifier>
    </Filter>
    <Filter Include="Header Files\input">
      <UniqueIdentifier>{4c6d2187-59b9-4f52-a9f5-8895130a9463}</UniqueIdentifier>
    </Filter>
    <Filter Include="Source Files\input">
      <UniqueIdentifier>{efd1b11c-a485-4365-a1db-39eed7554dea}</UniqueIdentifier>
    </Filter>
    <Filter Include="Header Files\resources\events">
      <UniqueIdentifier>{c124d55b-42ad-40d4-9e1f-14a79ebaa1fb}</UniqueIdentifier>
    </Filter>
    <Filter Include="Source Files\resources\events">
      <UniqueIdentifier>{77c502d4-d314-456a-af65-15c5bfa9f2ab}</UniqueIdentifier>
    </Filter>
    <Filter Include="Header Files\resources\events\characterControllerEvents">
      <UniqueIdentifier>{90a5dd70-2da0-4519-be58-4f6eafb6f16c}</UniqueIdentifier>
    </Filter>
    <Filter Include="Source Files\resources\events\characterControllerEvents">
      <UniqueIdentifier>{3c3b38e8-fe4e-4418-a644-430cf8cf502b}</UniqueIdentifier>
    </Filter>
    <Filter Include="Source Files\input\binding">
      <UniqueIdentifier>{308d224c-0ddf-4a32-bb48-245269ed1691}</UniqueIdentifier>
    </Filter>
    <Filter Include="Header Files\input\bindings">
      <UniqueIdentifier>{fbac4aca-98b5-4693-b39b-6fd57f6d7868}</UniqueIdentifier>
    </Filter>
    <Filter Include="Source Files\visitor">
      <UniqueIdentifier>{c1b358c2-6738-4e35-a081-803212b4362e}</UniqueIdentifier>
    </Filter>
    <Filter Include="Header Files\visitor">
      <UniqueIdentifier>{43b55c1d-5ea9-41bd-9290-318b3aab8e63}</UniqueIdentifier>
    </Filter>
    <Filter Include="Header Files\statitstics">
      <UniqueIdentifier>{5a2c008d-a84c-4949-9023-221ab20407c0}</UniqueIdentifier>
    </Filter>
    <Filter Include="Source Files\statitstics">
      <UniqueIdentifier>{01265b97-e940-4a89-bcc7-89a9d6f51b6a}</UniqueIdentifier>
    </Filter>
    <Filter Include="Header Files\resources\postprocesseffects">
      <UniqueIdentifier>{d1e892e1-d476-4e2d-8e58-fb23f21aa45e}</UniqueIdentifier>
    </Filter>
    <Filter Include="Source Files\resources\postprocesseffects">
      <UniqueIdentifier>{3df2f632-9d5c-4ad7-8b80-3d2caf296409}</UniqueIdentifier>
    </Filter>
    <Filter Include="Header Files\resources\scene">
      <UniqueIdentifier>{d2152274-4013-4fea-ab4b-3dc79860cbdd}</UniqueIdentifier>
    </Filter>
    <Filter Include="Header Files\resources\scene\quadtree">
      <UniqueIdentifier>{da3198ff-8830-4dda-8847-3c8abffc6587}</UniqueIdentifier>
    </Filter>
    <Filter Include="Source Files\resources\scene">
      <UniqueIdentifier>{f54ed909-a650-481d-b2c5-c6b3410faa42}</UniqueIdentifier>
    </Filter>
    <Filter Include="Source Files\resources\scene\quadtree">
      <UniqueIdentifier>{c71a864c-9da3-442e-95ef-c2e992c07d1b}</UniqueIdentifier>
    </Filter>
    <Filter Include="Source Files\shaders\geometry">
      <UniqueIdentifier>{9b86a005-62ed-47cd-a3ad-2df5b4fed6f5}</UniqueIdentifier>
    </Filter>
    <Filter Include="Header Files\resources\systems\environmentSystem">
      <UniqueIdentifier>{01a13a10-db98-42d0-8991-c27ff37153ee}</UniqueIdentifier>
    </Filter>
    <Filter Include="Source Files\resources\systems\environmentSystem">
      <UniqueIdentifier>{45d73283-2a56-4f1d-a0df-633780dbc133}</UniqueIdentifier>
    </Filter>
    <Filter Include="Header Files\resources\models\animation">
      <UniqueIdentifier>{c25fd792-fcb7-427a-afb1-f4e3d62639c0}</UniqueIdentifier>
    </Filter>
    <Filter Include="Source Files\resources\models\animation">
      <UniqueIdentifier>{6e3747f4-dbe2-4bcf-b28f-db28e177175c}</UniqueIdentifier>
    </Filter>
    <Filter Include="Header Files\rapidxml">
      <UniqueIdentifier>{9ba81435-6500-4df7-8333-8ff6ef9267d0}</UniqueIdentifier>
    </Filter>
    <Filter Include="Header Files\imgui">
      <UniqueIdentifier>{18ff15aa-65cc-4294-a57b-831812302296}</UniqueIdentifier>
    </Filter>
    <Filter Include="Source Files\imgui">
      <UniqueIdentifier>{3f928b06-72bd-4bb8-980b-556804ce746f}</UniqueIdentifier>
    </Filter>
    <Filter Include="Source Files\guiTool">
      <UniqueIdentifier>{f98d68af-c1b4-4c1b-ba86-1cec8a895ded}</UniqueIdentifier>
    </Filter>
    <Filter Include="Header Files\guiTool">
      <UniqueIdentifier>{9067f0db-3c48-4ce2-b983-22a9afb5515b}</UniqueIdentifier>
    </Filter>
    <Filter Include="Source Files\utils">
      <UniqueIdentifier>{1bdb063f-819e-4270-8889-3dbb3d9f7dd7}</UniqueIdentifier>
    </Filter>
    <Filter Include="Header Files\utils">
      <UniqueIdentifier>{d6dd4c34-edb5-4b31-a92c-7e5c24d08851}</UniqueIdentifier>
    </Filter>
    <Filter Include="Header Files\game">
      <UniqueIdentifier>{9fffeab2-56c2-48df-8547-da3a116c9701}</UniqueIdentifier>
    </Filter>
    <Filter Include="Source Files\game">
      <UniqueIdentifier>{30461004-625b-43ac-98e3-6a0ba80440f7}</UniqueIdentifier>
    </Filter>
    <Filter Include="Source Files\game\hud">
      <UniqueIdentifier>{20307a54-12d7-4334-81d3-ded5664c8603}</UniqueIdentifier>
    </Filter>
    <Filter Include="Header Files\game\hud">
      <UniqueIdentifier>{b141b0b4-a886-49e5-9d7b-f676efa8b2d5}</UniqueIdentifier>
    </Filter>
    <Filter Include="Header Files\game\events">
      <UniqueIdentifier>{afbffb06-b6c4-4e2c-a256-c19d50de31b2}</UniqueIdentifier>
    </Filter>
    <Filter Include="Source Files\game\events">
      <UniqueIdentifier>{9d51f7fc-c0bb-45ca-8724-5da663d3a4a3}</UniqueIdentifier>
    </Filter>
    <Filter Include="Header Files\game\inventory">
      <UniqueIdentifier>{38ea3601-883f-4132-b87a-84a1c8069e24}</UniqueIdentifier>
    </Filter>
    <Filter Include="Source Files\game\inventory">
      <UniqueIdentifier>{46157371-895a-465f-bfdd-d82716eab1d0}</UniqueIdentifier>
    </Filter>
    <Filter Include="Source Files\game\maps">
      <UniqueIdentifier>{70e656e9-3268-4922-9089-308c957cf3d2}</UniqueIdentifier>
    </Filter>
    <Filter Include="Header Files\game\maps">
      <UniqueIdentifier>{4cb363da-6d13-4739-bc5d-3620aad4e448}</UniqueIdentifier>
    </Filter>
    <Filter Include="Source Files\game\controllers">
      <UniqueIdentifier>{fab47844-1433-4781-9d31-9c40c481b1e4}</UniqueIdentifier>
    </Filter>
    <Filter Include="Header Files\game\controller">
      <UniqueIdentifier>{fbb5c732-1419-45cc-be6a-8274a2f43667}</UniqueIdentifier>
    </Filter>
    <Filter Include="Header Files\game\entities">
      <UniqueIdentifier>{98d8169b-4774-4c9d-8ff8-639855e97fba}</UniqueIdentifier>
    </Filter>
    <Filter Include="Source Files\game\entities">
      <UniqueIdentifier>{7268d80a-158d-4f63-8218-c6b3d7a67542}</UniqueIdentifier>
    </Filter>
    <Filter Include="Source Files\game\components">
      <UniqueIdentifier>{434c2aa9-94b6-4cb4-a014-5f66ae398542}</UniqueIdentifier>
    </Filter>
    <Filter Include="Header Files\game\components">
      <UniqueIdentifier>{88838279-02b7-455c-9389-4478666e3691}</UniqueIdentifier>
    </Filter>
    <Filter Include="Header Files\game\input">
      <UniqueIdentifier>{0ac19189-4b81-45e8-9017-b0087c8dc4eb}</UniqueIdentifier>
    </Filter>
    <Filter Include="Header Files\game\input\bindings">
      <UniqueIdentifier>{4ee5109b-dd6f-4160-aa40-e6ae8b527a49}</UniqueIdentifier>
    </Filter>
    <Filter Include="Source Files\game\input">
      <UniqueIdentifier>{053e22f2-441d-4972-83e5-0f556e6c8017}</UniqueIdentifier>
    </Filter>
    <Filter Include="Source Files\game\input\bindings">
      <UniqueIdentifier>{7073892a-0ba3-4733-8676-ec88a7609633}</UniqueIdentifier>
    </Filter>
    <Filter Include="Header Files\game\systems">
      <UniqueIdentifier>{b4ae389f-30f8-4fbd-af61-8b9b6c172218}</UniqueIdentifier>
    </Filter>
    <Filter Include="Source Files\game\systems">
      <UniqueIdentifier>{c23f3c51-17ce-415a-82a6-873455c81b76}</UniqueIdentifier>
    </Filter>
    <Filter Include="Header Files\game\building">
      <UniqueIdentifier>{c3171e15-cb3a-4681-80e0-9786a4a61527}</UniqueIdentifier>
    </Filter>
    <Filter Include="Source Files\game\building">
      <UniqueIdentifier>{02e2f8c1-a450-4b91-817f-2771dffdc8c0}</UniqueIdentifier>
    </Filter>
  </ItemGroup>
  <ItemGroup>
    <Text Include="ReadMe.txt" />
  </ItemGroup>
  <ItemGroup>
    <ClInclude Include="stdafx.h">
      <Filter>Header Files</Filter>
    </ClInclude>
    <ClInclude Include="targetver.h">
      <Filter>Header Files</Filter>
    </ClInclude>
    <ClInclude Include="src\BasicTypes.h">
      <Filter>Header Files</Filter>
    </ClInclude>
    <ClInclude Include="src\TerrainGrid.h">
      <Filter>Header Files</Filter>
    </ClInclude>
    <ClInclude Include="src\resources\shaders\ShadersLibrary.h">
      <Filter>Header Files\resources\shaders</Filter>
    </ClInclude>
    <ClInclude Include="src\resources\shaders\TerrainShader.h">
      <Filter>Header Files\resources\shaders</Filter>
    </ClInclude>
    <ClInclude Include="src\resources\shaders\DefaultShader.h">
      <Filter>Header Files\resources\shaders</Filter>
    </ClInclude>
    <ClInclude Include="src\resources\shaders\IShaderProgram.h">
      <Filter>Header Files\resources\shaders</Filter>
    </ClInclude>
    <ClInclude Include="src\resources\textures\Texture.h">
      <Filter>Header Files\resources\textures</Filter>
    </ClInclude>
    <ClInclude Include="src\resources\textures\TexturesLibrary.h">
      <Filter>Header Files\resources\textures</Filter>
    </ClInclude>
    <ClInclude Include="src\PNGLoader.h">
      <Filter>Header Files\resources\textures</Filter>
    </ClInclude>
    <ClInclude Include="src\TextureGenerator.h">
      <Filter>Header Files\resources\textures</Filter>
    </ClInclude>
    <ClInclude Include="src\NoiseGenerator.h">
      <Filter>Header Files\resources\textures</Filter>
    </ClInclude>
    <ClInclude Include="src\resources\Transformation.h">
      <Filter>Header Files\resources</Filter>
    </ClInclude>
    <ClInclude Include="src\resources\components\IComponent.h">
      <Filter>Header Files\resources\components</Filter>
    </ClInclude>
    <ClInclude Include="src\loader\OBJLoader.h">
      <Filter>Header Files\loader</Filter>
    </ClInclude>
    <ClInclude Include="src\resources\BaseLibrary.h">
      <Filter>Header Files\resources</Filter>
    </ClInclude>
    <ClInclude Include="src\resources\shaders\ModelShader.h">
      <Filter>Header Files\resources\shaders</Filter>
    </ClInclude>
    <ClInclude Include="src\resources\models\ModelsLibrary.h">
      <Filter>Header Files\resources\models</Filter>
    </ClInclude>
    <ClInclude Include="src\resources\textures\TextureArray.h">
      <Filter>Header Files\resources\textures</Filter>
    </ClInclude>
    <ClInclude Include="src\resources\GameEntity.h">
      <Filter>Header Files\resources</Filter>
    </ClInclude>
    <ClInclude Include="src\resources\entities\Light.h">
      <Filter>Header Files\resources\entities</Filter>
    </ClInclude>
    <ClInclude Include="src\resources\entities\Terrain.h">
      <Filter>Header Files\resources\entities</Filter>
    </ClInclude>
    <ClInclude Include="src\resources\components\CollisionComponent.h">
      <Filter>Header Files\resources\components</Filter>
    </ClInclude>
    <ClInclude Include="src\resources\systems\PhysicsSystem.h">
      <Filter>Header Files\resources\systems</Filter>
    </ClInclude>
    <ClInclude Include="src\resources\components\CameraComponent.h">
      <Filter>Header Files\resources\components</Filter>
    </ClInclude>
    <ClInclude Include="src\resources\components\ThirdPersonCameraComponent.h">
      <Filter>Header Files\resources\components</Filter>
    </ClInclude>
    <ClInclude Include="src\resources\textures\TextureCubemap.h">
      <Filter>Header Files\resources\textures</Filter>
    </ClInclude>
    <ClInclude Include="src\resources\shaders\SkyBoxShader.h">
      <Filter>Header Files\resources\shaders</Filter>
    </ClInclude>
    <ClInclude Include="src\resources\textures\ITexture.h">
      <Filter>Header Files\resources\textures</Filter>
    </ClInclude>
    <ClInclude Include="src\resources\camera\OrthogonalCamera.h">
      <Filter>Header Files\resources\camera</Filter>
    </ClInclude>
    <ClInclude Include="src\resources\camera\ICamera.h">
      <Filter>Header Files\resources\camera</Filter>
    </ClInclude>
    <ClInclude Include="src\resources\camera\PerspectiveCamera.h">
      <Filter>Header Files\resources\camera</Filter>
    </ClInclude>
    <ClInclude Include="src\AABB.h">
      <Filter>Header Files</Filter>
    </ClInclude>
    <ClInclude Include="src\resources\components\RotationComponent.h">
      <Filter>Header Files\resources\components</Filter>
    </ClInclude>
    <ClInclude Include="src\resources\shaders\WaterShader.h">
      <Filter>Header Files\resources\shaders</Filter>
    </ClInclude>
    <ClInclude Include="src\BitNumber.h">
      <Filter>Header Files</Filter>
    </ClInclude>
    <ClInclude Include="src\resources\components\PhysicsComponent.h">
      <Filter>Header Files\resources\components</Filter>
    </ClInclude>
    <ClInclude Include="src\resources\systems\ParticlesSystem.h">
      <Filter>Header Files\resources\systems</Filter>
    </ClInclude>
    <ClInclude Include="src\resources\entities\Particle.h">
      <Filter>Header Files\resources\entities</Filter>
    </ClInclude>
    <ClInclude Include="src\resources\entities\ParticlesEmitter.h">
      <Filter>Header Files\resources\entities</Filter>
    </ClInclude>
    <ClInclude Include="src\resources\shaders\ParticleShader.h">
      <Filter>Header Files\resources\shaders</Filter>
    </ClInclude>
    <ClInclude Include="src\resources\components\BillboardComponent.h">
      <Filter>Header Files\resources\components</Filter>
    </ClInclude>
    <ClInclude Include="src\resources\components\LODComponent.h">
      <Filter>Header Files\resources\components</Filter>
    </ClInclude>
    <ClInclude Include="src\resources\shaders\GUIShader.h">
      <Filter>Header Files\resources\shaders</Filter>
    </ClInclude>
    <ClInclude Include="src\resources\shaders\NormalMapShader.h">
      <Filter>Header Files\resources\shaders</Filter>
    </ClInclude>
    <ClInclude Include="src\resources\components\EnergyWallCollisionComponent.h">
      <Filter>Header Files\resources\components</Filter>
    </ClInclude>
    <ClInclude Include="src\NGenius.h">
      <Filter>Header Files</Filter>
    </ClInclude>
    <ClInclude Include="src\resources\shaders\EnergyWallShader.h">
      <Filter>Header Files\resources\shaders</Filter>
    </ClInclude>
    <ClInclude Include="src\resources\entities\EnergyWall.h">
      <Filter>Header Files\resources\entities</Filter>
    </ClInclude>
    <ClInclude Include="src\VertexBuffersManager.h">
      <Filter>Header Files</Filter>
    </ClInclude>
    <ClInclude Include="src\loader\FontLoader.h">
      <Filter>Header Files\loader</Filter>
    </ClInclude>
    <ClInclude Include="src\resources\shaders\TextShader.h">
      <Filter>Header Files\resources\shaders</Filter>
    </ClInclude>
    <ClInclude Include="src\resources\font\FontType.h">
      <Filter>Header Files\resources\font</Filter>
    </ClInclude>
    <ClInclude Include="src\resources\font\FontsLibrary.h">
      <Filter>Header Files\resources\font</Filter>
    </ClInclude>
    <ClInclude Include="src\resources\entities\Text.h">
      <Filter>Header Files\resources\entities</Filter>
    </ClInclude>
    <ClInclude Include="src\resources\shaders\ShadowShader.h">
      <Filter>Header Files\resources\shaders</Filter>
    </ClInclude>
    <ClInclude Include="src\resources\systems\renderSystem\RenderSystem.h">
      <Filter>Header Files\resources\systems\renderSystem</Filter>
    </ClInclude>
    <ClInclude Include="src\resources\components\OverWaterComponent.h">
      <Filter>Header Files\resources\components</Filter>
    </ClInclude>
    <ClInclude Include="src\resources\materials\IMaterial.h">
      <Filter>Header Files\resources\materials</Filter>
    </ClInclude>
    <ClInclude Include="src\resources\materials\MaterialsLibrary.h">
      <Filter>Header Files\resources\materials</Filter>
    </ClInclude>
    <ClInclude Include="src\resources\materials\BasicMaterial.h">
      <Filter>Header Files\resources\materials</Filter>
    </ClInclude>
    <ClInclude Include="src\resources\materials\IMaterialEffect.h">
      <Filter>Header Files\resources\materials</Filter>
    </ClInclude>
    <ClInclude Include="src\resources\models\Model.h">
      <Filter>Header Files\resources\models</Filter>
    </ClInclude>
    <ClInclude Include="src\resources\systems\LightsSystem.h">
      <Filter>Header Files\resources\systems</Filter>
    </ClInclude>
    <ClInclude Include="src\resources\renderers\SkyBoxRenderer.h">
      <Filter>Header Files\resources\renderers</Filter>
    </ClInclude>
    <ClInclude Include="src\resources\renderers\TextRenderer.h">
      <Filter>Header Files\resources\renderers</Filter>
    </ClInclude>
    <ClInclude Include="src\resources\models\Mesh.h">
      <Filter>Header Files\resources\models</Filter>
    </ClInclude>
    <ClInclude Include="src\resources\materials\effects\MaterialEffectClippingPlane.h">
      <Filter>Header Files\resources\materials\effects</Filter>
    </ClInclude>
    <ClInclude Include="src\resources\materials\effects\MaterialEffectDiffuseTexture.h">
      <Filter>Header Files\resources\materials\effects</Filter>
    </ClInclude>
    <ClInclude Include="src\resources\materials\effects\MaterialEffectFogProperties.h">
      <Filter>Header Files\resources\materials\effects</Filter>
    </ClInclude>
    <ClInclude Include="src\resources\materials\effects\MaterialEffectHeightMapTexture.h">
      <Filter>Header Files\resources\materials\effects</Filter>
    </ClInclude>
    <ClInclude Include="src\resources\materials\effects\MaterialEffectShadowProperties.h">
      <Filter>Header Files\resources\materials\effects</Filter>
    </ClInclude>
    <ClInclude Include="src\resources\materials\effects\MaterialEffectText.h">
      <Filter>Header Files\resources\materials\effects</Filter>
    </ClInclude>
    <ClInclude Include="src\resources\materials\effects\MaterialEffectTextureArray.h">
      <Filter>Header Files\resources\materials\effects</Filter>
    </ClInclude>
    <ClInclude Include="src\resources\materials\effects\MaterialEffectTextureCubemap.h">
      <Filter>Header Files\resources\materials\effects</Filter>
    </ClInclude>
    <ClInclude Include="src\resources\materials\effects\MaterialEffectNormalTexture.h">
      <Filter>Header Files\resources\materials\effects</Filter>
    </ClInclude>
    <ClInclude Include="src\resources\materials\effects\MaterialEffectFloat.h">
      <Filter>Header Files\resources\materials\effects</Filter>
    </ClInclude>
    <ClInclude Include="src\resources\entities\Water.h">
      <Filter>Header Files\resources\entities</Filter>
    </ClInclude>
    <ClInclude Include="src\resources\materials\effects\MaterialEffectWater.h">
      <Filter>Header Files\resources\materials\effects</Filter>
    </ClInclude>
    <ClInclude Include="src\resources\renderers\ParticleRenderer.h">
      <Filter>Header Files\resources\renderers</Filter>
    </ClInclude>
    <ClInclude Include="src\resources\materials\effects\MaterialEffectParticle.h">
      <Filter>Header Files\resources\materials\effects</Filter>
    </ClInclude>
    <ClInclude Include="src\resources\materials\effects\MaterialEffectDepthTexture.h">
      <Filter>Header Files\resources\materials\effects</Filter>
    </ClInclude>
    <ClInclude Include="src\resources\materials\effects\MaterialEffectFloat2.h">
      <Filter>Header Files\resources\materials\effects</Filter>
    </ClInclude>
    <ClInclude Include="src\resources\materials\effects\MaterialEffectFloat3.h">
      <Filter>Header Files\resources\materials\effects</Filter>
    </ClInclude>
    <ClInclude Include="src\resources\materials\effects\MaterialEffectFloat4.h">
      <Filter>Header Files\resources\materials\effects</Filter>
    </ClInclude>
    <ClInclude Include="src\resources\renderers\EnergyWallRenderer.h">
      <Filter>Header Files\resources\renderers</Filter>
    </ClInclude>
    <ClInclude Include="src\resources\renderers\IRenderer.h">
      <Filter>Header Files\resources\renderers</Filter>
    </ClInclude>
    <ClInclude Include="src\resources\systems\renderSystem\RenderPass.h">
      <Filter>Header Files\resources\systems\renderSystem</Filter>
    </ClInclude>
    <ClInclude Include="src\resources\systems\renderSystem\IFrameBuffer.h">
      <Filter>Header Files\resources\systems\renderSystem</Filter>
    </ClInclude>
    <ClInclude Include="src\resources\command\commands\RiseTerrainCommand.h">
      <Filter>Header Files\resources\command\commands</Filter>
    </ClInclude>
    <ClInclude Include="src\resources\command\ICommand.h">
      <Filter>Header Files\resources\command</Filter>
    </ClInclude>
    <ClInclude Include="src\resources\systems\renderSystem\ShadowsRenderPassSubsystem.h">
      <Filter>Header Files\resources\systems\renderSystem</Filter>
    </ClInclude>
    <ClInclude Include="src\resources\systems\renderSystem\WaterRenderPassSubSystem.h">
      <Filter>Header Files\resources\systems\renderSystem</Filter>
    </ClInclude>
    <ClInclude Include="src\listeners\IInputListener.h">
      <Filter>Header Files\input</Filter>
    </ClInclude>
    <ClInclude Include="src\input\InputConverter.h">
      <Filter>Header Files\input</Filter>
    </ClInclude>
    <ClInclude Include="src\resources\GameEvent.h">
      <Filter>Header Files\resources</Filter>
    </ClInclude>
    <ClInclude Include="src\resources\components\InputComponent.h">
      <Filter>Header Files\resources\components</Filter>
    </ClInclude>
    <ClInclude Include="src\resources\systems\InputSystem.h">
      <Filter>Header Files\resources\systems</Filter>
    </ClInclude>
    <ClInclude Include="src\input\InputHandler.h">
      <Filter>Header Files\input</Filter>
    </ClInclude>
    <ClInclude Include="src\resources\events\characterControllerEvents\BackwardEvent.h">
      <Filter>Header Files\resources\events\characterControllerEvents</Filter>
    </ClInclude>
    <ClInclude Include="src\resources\events\characterControllerEvents\ForwardEvent.h">
      <Filter>Header Files\resources\events\characterControllerEvents</Filter>
    </ClInclude>
    <ClInclude Include="src\resources\events\characterControllerEvents\ZoomEvent.h">
      <Filter>Header Files\resources\events\characterControllerEvents</Filter>
    </ClInclude>
    <ClInclude Include="src\resources\events\CharacterControllerEvent.h">
      <Filter>Header Files\resources\events</Filter>
    </ClInclude>
    <ClInclude Include="src\resources\events\characterControllerEvents\JumpEvent.h">
      <Filter>Header Files\resources\events\characterControllerEvents</Filter>
    </ClInclude>
    <ClInclude Include="src\resources\events\characterControllerEvents\ButtonLeftEvent.h">
      <Filter>Header Files\resources\events\characterControllerEvents</Filter>
    </ClInclude>
    <ClInclude Include="src\resources\events\characterControllerEvents\ButtonRightEvent.h">
      <Filter>Header Files\resources\events\characterControllerEvents</Filter>
    </ClInclude>
    <ClInclude Include="src\resources\events\characterControllerEvents\PitchEvent.h">
      <Filter>Header Files\resources\events\characterControllerEvents</Filter>
    </ClInclude>
    <ClInclude Include="src\resources\events\characterControllerEvents\TurnEvent.h">
      <Filter>Header Files\resources\events\characterControllerEvents</Filter>
    </ClInclude>
    <ClInclude Include="src\input\bindings\KeyToEventBind.h">
      <Filter>Header Files\input\bindings</Filter>
    </ClInclude>
    <ClInclude Include="src\input\bindings\MouseToEventBind.h">
      <Filter>Header Files\input\bindings</Filter>
    </ClInclude>
    <ClInclude Include="src\resources\shaders\OverdrawShader.h">
      <Filter>Header Files\resources\shaders</Filter>
    </ClInclude>
    <ClInclude Include="src\resources\components\DebugComponent.h">
      <Filter>Header Files\resources\components</Filter>
    </ClInclude>
    <ClInclude Include="src\resources\systems\DebugSystem.h">
      <Filter>Header Files\resources\systems</Filter>
    </ClInclude>
    <ClInclude Include="src\resources\renderers\WireframeRenderer.h">
      <Filter>Header Files\resources\renderers</Filter>
    </ClInclude>
    <ClInclude Include="src\visitor\BaseVisitable.h">
      <Filter>Header Files\visitor</Filter>
    </ClInclude>
    <ClInclude Include="src\visitor\BaseVisitor.h">
      <Filter>Header Files\visitor</Filter>
    </ClInclude>
    <ClInclude Include="src\statistics\Statistics.h">
      <Filter>Header Files\statitstics</Filter>
    </ClInclude>
    <ClInclude Include="src\resources\postprocesseffects\PostProcessEffect.h">
      <Filter>Header Files\resources\postprocesseffects</Filter>
    </ClInclude>
    <ClInclude Include="src\resources\systems\renderSystem\PostProcessSubSystem.h">
      <Filter>Header Files\resources\systems\renderSystem</Filter>
    </ClInclude>
    <ClInclude Include="src\resources\renderers\ImageRenderer.h">
      <Filter>Header Files\resources\renderers</Filter>
    </ClInclude>
    <ClInclude Include="src\resources\shaders\ContrastShader.h">
      <Filter>Header Files\resources\shaders</Filter>
    </ClInclude>
    <ClInclude Include="src\resources\shaders\HorizontalBlurShader.h">
      <Filter>Header Files\resources\shaders</Filter>
    </ClInclude>
    <ClInclude Include="src\resources\shaders\VerticalBlurShader.h">
      <Filter>Header Files\resources\shaders</Filter>
    </ClInclude>
    <ClInclude Include="src\resources\shaders\BrightShader.h">
      <Filter>Header Files\resources\shaders</Filter>
    </ClInclude>
    <ClInclude Include="src\resources\shaders\BloomShader.h">
      <Filter>Header Files\resources\shaders</Filter>
    </ClInclude>
    <ClInclude Include="src\resources\scene\quadtree\GameEntityQuadTree.h">
      <Filter>Header Files\resources\scene\quadtree</Filter>
    </ClInclude>
    <ClInclude Include="src\resources\scene\ISpacePartition.h">
      <Filter>Header Files\resources\scene</Filter>
    </ClInclude>
    <ClInclude Include="src\resources\scene\GameScene.h">
      <Filter>Header Files\resources\scene</Filter>
    </ClInclude>
    <ClInclude Include="src\resources\scene\IGameSceneListener.h">
      <Filter>Header Files\resources\scene</Filter>
    </ClInclude>
    <ClInclude Include="src\resources\systems\SpacePartitionSystem.h">
      <Filter>Header Files\resources\systems</Filter>
    </ClInclude>
    <ClInclude Include="src\resources\components\SpacePartitionComponent.h">
      <Filter>Header Files\resources\components</Filter>
    </ClInclude>
    <ClInclude Include="src\Frustum.h">
      <Filter>Header Files</Filter>
    </ClInclude>
    <ClInclude Include="src\resources\scene\quadtree\DirectQuadTree.h">
      <Filter>Header Files\resources\scene\quadtree</Filter>
    </ClInclude>
    <ClInclude Include="src\resources\scene\quadtree\QuadTree.h">
      <Filter>Header Files\resources\scene\quadtree</Filter>
    </ClInclude>
    <ClInclude Include="src\resources\renderers\PointsRenderer.h">
      <Filter>Header Files\resources\renderers</Filter>
    </ClInclude>
    <ClInclude Include="src\resources\entities\PointsPatch.h">
      <Filter>Header Files\resources\entities</Filter>
    </ClInclude>
    <ClInclude Include="src\resources\shaders\GrassShader.h">
      <Filter>Header Files\resources\shaders</Filter>
    </ClInclude>
    <ClInclude Include="src\resources\components\EnvironmentAffectedComponent.h">
      <Filter>Header Files\resources\components</Filter>
    </ClInclude>
    <ClInclude Include="src\resources\systems\environmentSystem\EnvironmentSystem.h">
      <Filter>Header Files\resources\systems\environmentSystem</Filter>
    </ClInclude>
    <ClInclude Include="src\resources\components\EnvironmentModificatorComponent.h">
      <Filter>Header Files\resources\components</Filter>
    </ClInclude>
    <ClInclude Include="src\resources\materials\effects\MaterialEffectFloat3Array.h">
      <Filter>Header Files\resources\materials\effects</Filter>
    </ClInclude>
    <ClInclude Include="src\resources\models\animation\Joint.h">
      <Filter>Header Files\resources\models\animation</Filter>
    </ClInclude>
    <ClInclude Include="src\resources\models\animation\Animation.h">
      <Filter>Header Files\resources\models\animation</Filter>
    </ClInclude>
    <ClInclude Include="src\resources\models\animation\KeyFrame.h">
      <Filter>Header Files\resources\models\animation</Filter>
    </ClInclude>
    <ClInclude Include="src\resources\models\animation\JointTransform.h">
      <Filter>Header Files\resources\models\animation</Filter>
    </ClInclude>
    <ClInclude Include="src\resources\models\animation\Animator.h">
      <Filter>Header Files\resources\models\animation</Filter>
    </ClInclude>
    <ClInclude Include="src\loader\FBXLoader.h">
      <Filter>Header Files\loader</Filter>
    </ClInclude>
    <ClInclude Include="src\loader\ModelFactory.h">
      <Filter>Header Files\loader</Filter>
    </ClInclude>
    <ClInclude Include="src\resources\models\animation\AnimatedModel.h">
      <Filter>Header Files\resources\models\animation</Filter>
    </ClInclude>
    <ClInclude Include="src\resources\models\animation\AnimationsLibrary.h">
      <Filter>Header Files\resources\models\animation</Filter>
    </ClInclude>
    <ClInclude Include="src\resources\systems\AnimationSystem.h">
      <Filter>Header Files\resources\systems</Filter>
    </ClInclude>
    <ClInclude Include="src\resources\components\AnimationComponent.h">
      <Filter>Header Files\resources\components</Filter>
    </ClInclude>
    <ClInclude Include="src\resources\shaders\AnimatedModelShader.h">
      <Filter>Header Files\resources\shaders</Filter>
    </ClInclude>
    <ClInclude Include="src\resources\materials\effects\MaterialEffectMatrix4Array.h">
      <Filter>Header Files\resources\materials\effects</Filter>
    </ClInclude>
    <ClInclude Include="src\loader\ColladaLoader.h">
      <Filter>Header Files\loader</Filter>
    </ClInclude>
    <ClInclude Include="rapidxml\rapidxml.hpp">
      <Filter>Header Files\rapidxml</Filter>
    </ClInclude>
    <ClInclude Include="rapidxml\rapidxml_iterators.hpp">
      <Filter>Header Files\rapidxml</Filter>
    </ClInclude>
    <ClInclude Include="rapidxml\rapidxml_print.hpp">
      <Filter>Header Files\rapidxml</Filter>
    </ClInclude>
    <ClInclude Include="rapidxml\rapidxml_utils.hpp">
      <Filter>Header Files\rapidxml</Filter>
    </ClInclude>
    <ClInclude Include="src\resources\renderers\VerticesRenderer.h">
      <Filter>Header Files\resources\renderers</Filter>
    </ClInclude>
    <ClInclude Include="src\resources\renderers\IndicesRenderer.h">
      <Filter>Header Files\resources\renderers</Filter>
    </ClInclude>
    <ClInclude Include="imgui\imconfig.h">
      <Filter>Header Files\imgui</Filter>
    </ClInclude>
    <ClInclude Include="imgui\imgui.h">
      <Filter>Header Files\imgui</Filter>
    </ClInclude>
    <ClInclude Include="imgui\imgui_internal.h">
      <Filter>Header Files\imgui</Filter>
    </ClInclude>
    <ClInclude Include="imgui\imstb_rectpack.h">
      <Filter>Header Files\imgui</Filter>
    </ClInclude>
    <ClInclude Include="imgui\imstb_textedit.h">
      <Filter>Header Files\imgui</Filter>
    </ClInclude>
    <ClInclude Include="imgui\imstb_truetype.h">
      <Filter>Header Files\imgui</Filter>
    </ClInclude>
    <ClInclude Include="src\guiTool\GuiTool.h">
      <Filter>Header Files\guiTool</Filter>
    </ClInclude>
    <ClInclude Include="imgui\imgui_impl_glfw.h">
      <Filter>Header Files\imgui</Filter>
    </ClInclude>
    <ClInclude Include="imgui\imgui_impl_opengl3.h">
      <Filter>Header Files\imgui</Filter>
    </ClInclude>
    <ClInclude Include="src\resources\systems\environmentSystem\SunLight.h">
      <Filter>Header Files\resources\systems\environmentSystem</Filter>
    </ClInclude>
    <ClInclude Include="src\resources\materials\effects\MaterialEffectDirectionalLightProperties.h">
      <Filter>Header Files\resources\materials\effects</Filter>
    </ClInclude>
    <ClInclude Include="src\loader\AssimpLoader.h">
      <Filter>Header Files\loader</Filter>
    </ClInclude>
    <ClInclude Include="src\utils\Log.h">
      <Filter>Header Files\utils</Filter>
    </ClInclude>
    <ClInclude Include="src\utils\FileReader.h">
      <Filter>Header Files\utils</Filter>
    </ClInclude>
    <ClInclude Include="src\game\ShooterGame.h">
      <Filter>Header Files\game</Filter>
    </ClInclude>
    <ClInclude Include="src\resources\systems\renderSystem\GUIRenderPassSubSystem.h">
      <Filter>Header Files\resources\systems\renderSystem</Filter>
    </ClInclude>
    <ClInclude Include="src\game\hud\GameHUD.h">
      <Filter>Header Files\game\hud</Filter>
    </ClInclude>
    <ClInclude Include="src\game\hud\ItemsListHUD.h">
      <Filter>Header Files\game\hud</Filter>
    </ClInclude>
    <ClInclude Include="src\game\hud\ItemHUD.h">
      <Filter>Header Files\game\hud</Filter>
    </ClInclude>
    <ClInclude Include="src\game\events\StoreIntoInventoryEvent.h">
      <Filter>Header Files\game\events</Filter>
    </ClInclude>
    <ClInclude Include="src\Singleton.h">
      <Filter>Header Files</Filter>
    </ClInclude>
    <ClInclude Include="src\game\inventory\Inventory.h">
      <Filter>Header Files\game\inventory</Filter>
    </ClInclude>
    <ClInclude Include="src\game\ShooterGameConstants.h">
      <Filter>Header Files\game</Filter>
    </ClInclude>
    <ClInclude Include="src\game\maps\MarsPlanet.h">
      <Filter>Header Files\game\maps</Filter>
    </ClInclude>
    <ClInclude Include="src\game\Player.h">
      <Filter>Header Files\game</Filter>
    </ClInclude>
    <ClInclude Include="src\resources\entities\Character.h">
      <Filter>Header Files\resources\entities</Filter>
    </ClInclude>
    <ClInclude Include="src\resources\systems\renderSystem\GameplayRenderPassSubSystem.h">
      <Filter>Header Files\resources\systems\renderSystem</Filter>
    </ClInclude>
    <ClInclude Include="src\resources\systems\renderSystem\ParticlesRenderPassSubSystem.h">
      <Filter>Header Files\resources\systems\renderSystem</Filter>
    </ClInclude>
    <ClInclude Include="src\resources\systems\renderSystem\TransparentRenderPassSubSystem.h">
      <Filter>Header Files\resources\systems\renderSystem</Filter>
    </ClInclude>
    <ClInclude Include="EngineConstants.h">
      <Filter>Header Files</Filter>
    </ClInclude>
    <ClInclude Include="src\resources\systems\StatisticsSystem.h">
      <Filter>Header Files\resources\systems</Filter>
    </ClInclude>
    <ClInclude Include="src\resources\components\GameEventsComponent.h">
      <Filter>Header Files\resources\components</Filter>
    </ClInclude>
    <ClInclude Include="src\game\controllers\InventoryController.h">
      <Filter>Header Files\game\controller</Filter>
    </ClInclude>
    <ClInclude Include="src\game\events\NextPreviousInventoryItemEvent.h">
      <Filter>Header Files\game\events</Filter>
    </ClInclude>
    <ClInclude Include="src\game\entities\Battery.h">
      <Filter>Header Files\game\entities</Filter>
    </ClInclude>
    <ClInclude Include="EntitiesFactory.h">
      <Filter>Header Files</Filter>
    </ClInclude>
    <ClInclude Include="src\game\entities\EntitiesFactory.h">
      <Filter>Header Files\game\entities</Filter>
    </ClInclude>
    <ClInclude Include="src\resources\entities\ParticlesEmitterLibrary.h">
      <Filter>Header Files\resources\entities</Filter>
    </ClInclude>
    <ClInclude Include="src\game\components\PickupGameEntityComponent.h">
      <Filter>Header Files\game\components</Filter>
    </ClInclude>
    <ClInclude Include="src\game\input\bindings\KeyToPickUpGameEntityEventBind.h">
      <Filter>Header Files\game\input\bindings</Filter>
    </ClInclude>
    <ClInclude Include="src\game\events\PickupGameEntityEvent.h">
      <Filter>Header Files\game\events</Filter>
    </ClInclude>
    <ClInclude Include="src\game\events\DropItemInventoryEvent.h">
      <Filter>Header Files\game\events</Filter>
    </ClInclude>
    <ClInclude Include="src\game\inventory\InventoryItem.h">
      <Filter>Header Files\game\inventory</Filter>
    </ClInclude>
    <ClInclude Include="src\game\inventory\InventoryItemFactory.h">
      <Filter>Header Files\game\inventory</Filter>
    </ClInclude>
    <ClInclude Include="src\resources\components\AttachGameEntityComponent.h">
      <Filter>Header Files\resources\components</Filter>
    </ClInclude>
    <ClInclude Include="src\game\hud\HealthHUD.h">
      <Filter>Header Files\game\hud</Filter>
    </ClInclude>
    <ClInclude Include="src\resources\renderers\GUIRenderer.h">
      <Filter>Header Files\resources\renderers</Filter>
    </ClInclude>
    <ClInclude Include="src\resources\systems\ISystem.h">
      <Filter>Header Files\resources\systems</Filter>
    </ClInclude>
    <ClInclude Include="src\resources\components\DamageComponent.h">
      <Filter>Header Files\resources\components</Filter>
    </ClInclude>
    <ClInclude Include="src\resources\components\HealthComponent.h">
      <Filter>Header Files\resources\components</Filter>
    </ClInclude>
    <ClInclude Include="src\resources\systems\DamageSystem.h">
      <Filter>Header Files\resources\systems</Filter>
    </ClInclude>
    <ClInclude Include="src\resources\events\characterControllerEvents\HealthEvent.h">
      <Filter>Header Files\resources\events\characterControllerEvents</Filter>
    </ClInclude>
    <ClInclude Include="src\game\controllers\HealthController.h">
      <Filter>Header Files\game\controller</Filter>
    </ClInclude>
    <ClInclude Include="src\resources\events\characterControllerEvents\DieEvent.h">
      <Filter>Header Files\resources\events\characterControllerEvents</Filter>
    </ClInclude>
    <ClInclude Include="src\game\hud\HorizontalBar.h">
      <Filter>Header Files\game\hud</Filter>
    </ClInclude>
    <ClInclude Include="src\game\building\BuildingBuilder.h">
      <Filter>Header Files\game\building</Filter>
    </ClInclude>
  </ItemGroup>
  <ItemGroup>
    <ClCompile Include="stdafx.cpp">
      <Filter>Source Files</Filter>
    </ClCompile>
    <ClCompile Include="Test.cpp">
      <Filter>Source Files</Filter>
    </ClCompile>
    <ClCompile Include="src\TerrainGrid.cpp">
      <Filter>Source Files</Filter>
    </ClCompile>
    <ClCompile Include="src\resources\shaders\ShadersLibrary.cpp">
      <Filter>Source Files\resources\shaders</Filter>
    </ClCompile>
    <ClCompile Include="src\resources\shaders\DefaultShader.cpp">
      <Filter>Source Files\resources\shaders</Filter>
    </ClCompile>
    <ClCompile Include="src\resources\shaders\TerrainShader.cpp">
      <Filter>Source Files\resources\shaders</Filter>
    </ClCompile>
    <ClCompile Include="src\resources\shaders\IShaderProgram.cpp">
      <Filter>Source Files\resources\shaders</Filter>
    </ClCompile>
    <ClCompile Include="src\resources\textures\Texture.cpp">
      <Filter>Source Files\resources\textures</Filter>
    </ClCompile>
    <ClCompile Include="src\resources\textures\TexturesLibrary.cpp">
      <Filter>Source Files\resources\textures</Filter>
    </ClCompile>
    <ClCompile Include="src\resources\textures\NoiseGenerator.cpp">
      <Filter>Source Files\resources\textures</Filter>
    </ClCompile>
    <ClCompile Include="src\resources\textures\PNGLoader.cpp">
      <Filter>Source Files\resources\textures</Filter>
    </ClCompile>
    <ClCompile Include="src\resources\textures\TextureGenerator.cpp">
      <Filter>Source Files\resources\textures</Filter>
    </ClCompile>
    <ClCompile Include="src\resources\Transformation.cpp">
      <Filter>Source Files\resources</Filter>
    </ClCompile>
    <ClCompile Include="src\resources\GameEntity.cpp">
      <Filter>Source Files\resources</Filter>
    </ClCompile>
    <ClCompile Include="src\resources\components\IComponent.cpp">
      <Filter>Source Files\resources\components</Filter>
    </ClCompile>
    <ClCompile Include="src\loader\OBJLoader.cpp">
      <Filter>Source Files\loader</Filter>
    </ClCompile>
    <ClCompile Include="src\resources\BaseLibrary.cpp">
      <Filter>Source Files\resources</Filter>
    </ClCompile>
    <ClCompile Include="src\resources\shaders\ModelShader.cpp">
      <Filter>Source Files\resources\shaders</Filter>
    </ClCompile>
    <ClCompile Include="src\resources\models\ModelsLibrary.cpp">
      <Filter>Source Files\resources\models</Filter>
    </ClCompile>
    <ClCompile Include="src\resources\textures\TextureArray.cpp">
      <Filter>Source Files\resources\textures</Filter>
    </ClCompile>
    <ClCompile Include="src\resources\entities\Light.cpp">
      <Filter>Source Files\resources\entities</Filter>
    </ClCompile>
    <ClCompile Include="src\resources\entities\Terrain.cpp">
      <Filter>Source Files\resources\entities</Filter>
    </ClCompile>
    <ClCompile Include="src\resources\components\CollisionComponent.cpp">
      <Filter>Source Files\resources\components</Filter>
    </ClCompile>
    <ClCompile Include="src\resources\systems\PhysicsSystem.cpp">
      <Filter>Source Files\resources\systems</Filter>
    </ClCompile>
    <ClCompile Include="src\resources\components\CameraComponent.cpp">
      <Filter>Source Files\resources\components</Filter>
    </ClCompile>
    <ClCompile Include="src\resources\components\ThirdPersonCameraComponent.cpp">
      <Filter>Source Files\resources\components</Filter>
    </ClCompile>
    <ClCompile Include="src\resources\textures\TextureCubemap.cpp">
      <Filter>Source Files\resources\textures</Filter>
    </ClCompile>
    <ClCompile Include="src\resources\shaders\SkyBoxShader.cpp">
      <Filter>Source Files\resources\shaders</Filter>
    </ClCompile>
    <ClCompile Include="src\resources\textures\ITexture.cpp">
      <Filter>Source Files\resources\textures</Filter>
    </ClCompile>
    <ClCompile Include="src\resources\camera\ICamera.cpp">
      <Filter>Source Files\resources\camera</Filter>
    </ClCompile>
    <ClCompile Include="src\resources\camera\OrthogonalCamera.cpp">
      <Filter>Source Files\resources\camera</Filter>
    </ClCompile>
    <ClCompile Include="src\resources\camera\PerspectiveCamera.cpp">
      <Filter>Source Files\resources\camera</Filter>
    </ClCompile>
    <ClCompile Include="src\AABB.cpp">
      <Filter>Source Files</Filter>
    </ClCompile>
    <ClCompile Include="src\resources\components\RotationComponent.cpp">
      <Filter>Source Files\resources\components</Filter>
    </ClCompile>
    <ClCompile Include="src\resources\shaders\WaterShader.cpp">
      <Filter>Source Files\resources\shaders</Filter>
    </ClCompile>
    <ClCompile Include="src\BitNumber.cpp">
      <Filter>Source Files</Filter>
    </ClCompile>
    <ClCompile Include="src\resources\entities\Particle.cpp">
      <Filter>Source Files\resources\entities</Filter>
    </ClCompile>
    <ClCompile Include="src\resources\systems\ParticlesSystem.cpp">
      <Filter>Source Files\resources\systems</Filter>
    </ClCompile>
    <ClCompile Include="src\resources\components\PhysicsComponent.cpp">
      <Filter>Source Files\resources\components</Filter>
    </ClCompile>
    <ClCompile Include="src\resources\entities\ParticlesEmitter.cpp">
      <Filter>Source Files\resources\entities</Filter>
    </ClCompile>
    <ClCompile Include="src\resources\shaders\ParticleShader.cpp">
      <Filter>Source Files\resources\shaders</Filter>
    </ClCompile>
    <ClCompile Include="src\resources\components\BillboardComponent.cpp">
      <Filter>Source Files\resources\components</Filter>
    </ClCompile>
    <ClCompile Include="src\resources\components\LODComponent.cpp">
      <Filter>Source Files\resources\components</Filter>
    </ClCompile>
    <ClCompile Include="src\resources\shaders\GUIShader.cpp">
      <Filter>Source Files\resources\shaders</Filter>
    </ClCompile>
    <ClCompile Include="src\resources\shaders\NormalMapShader.cpp">
      <Filter>Source Files\resources\shaders</Filter>
    </ClCompile>
    <ClCompile Include="src\resources\components\EnergyWallCollisionComponent.cpp">
      <Filter>Source Files\resources\components</Filter>
    </ClCompile>
    <ClCompile Include="src\NGenius.cpp">
      <Filter>Source Files</Filter>
    </ClCompile>
    <ClCompile Include="src\resources\shaders\EnergyWallShader.cpp">
      <Filter>Source Files\resources\shaders</Filter>
    </ClCompile>
    <ClCompile Include="src\resources\entities\EnergyWall.cpp">
      <Filter>Source Files\resources\entities</Filter>
    </ClCompile>
    <ClCompile Include="src\VertexBuffersManager.cpp">
      <Filter>Source Files</Filter>
    </ClCompile>
    <ClCompile Include="src\loader\FontLoader.cpp">
      <Filter>Source Files\loader</Filter>
    </ClCompile>
    <ClCompile Include="src\resources\shaders\TextShader.cpp">
      <Filter>Source Files\resources\shaders</Filter>
    </ClCompile>
    <ClCompile Include="src\resources\font\FontType.cpp">
      <Filter>Source Files\resources\font</Filter>
    </ClCompile>
    <ClCompile Include="src\resources\font\FontsLibrary.cpp">
      <Filter>Source Files\resources\font</Filter>
    </ClCompile>
    <ClCompile Include="src\resources\entities\Text.cpp">
      <Filter>Source Files\resources\entities</Filter>
    </ClCompile>
    <ClCompile Include="src\resources\shaders\ShadowShader.cpp">
      <Filter>Source Files\resources\shaders</Filter>
    </ClCompile>
    <ClCompile Include="src\resources\systems\renderSystem\RenderSystem.cpp">
      <Filter>Source Files\resources\systems\renderSystem</Filter>
    </ClCompile>
    <ClCompile Include="src\resources\components\OverWaterComponent.cpp">
      <Filter>Source Files\resources\components</Filter>
    </ClCompile>
    <ClCompile Include="src\resources\materials\IMaterial.cpp">
      <Filter>Source Files\resources\materials</Filter>
    </ClCompile>
    <ClCompile Include="src\resources\materials\MaterialsLibrary.cpp">
      <Filter>Source Files\resources\materials</Filter>
    </ClCompile>
    <ClCompile Include="src\resources\materials\BasicMaterial.cpp">
      <Filter>Source Files\resources\materials</Filter>
    </ClCompile>
    <ClCompile Include="src\resources\materials\IMaterialEffect.cpp">
      <Filter>Source Files\resources\materials</Filter>
    </ClCompile>
    <ClCompile Include="src\resources\models\Model.cpp">
      <Filter>Source Files\resources\models</Filter>
    </ClCompile>
    <ClCompile Include="src\resources\systems\LightsSystem.cpp">
      <Filter>Source Files\resources\systems</Filter>
    </ClCompile>
    <ClCompile Include="src\resources\renderers\SkyBoxRenderer.cpp">
      <Filter>Source Files\resources\renderers</Filter>
    </ClCompile>
    <ClCompile Include="src\resources\renderers\TextRenderer.cpp">
      <Filter>Source Files\resources\renderers</Filter>
    </ClCompile>
    <ClCompile Include="src\resources\models\Mesh.cpp">
      <Filter>Source Files\resources\models</Filter>
    </ClCompile>
    <ClCompile Include="src\resources\materials\effects\MaterialEffectClippingPlane.cpp">
      <Filter>Source Files\resources\materials\effects</Filter>
    </ClCompile>
    <ClCompile Include="src\resources\materials\effects\MaterialEffectDiffuseTexture.cpp">
      <Filter>Source Files\resources\materials\effects</Filter>
    </ClCompile>
    <ClCompile Include="src\resources\materials\effects\MaterialEffectFogProperties.cpp">
      <Filter>Source Files\resources\materials\effects</Filter>
    </ClCompile>
    <ClCompile Include="src\resources\materials\effects\MaterialEffectHeightMapTexture.cpp">
      <Filter>Source Files\resources\materials\effects</Filter>
    </ClCompile>
    <ClCompile Include="src\resources\materials\effects\MaterialEffectNormalTexture.cpp">
      <Filter>Source Files\resources\materials\effects</Filter>
    </ClCompile>
    <ClCompile Include="src\resources\materials\effects\MaterialEffectShadowProperties.cpp">
      <Filter>Source Files\resources\materials\effects</Filter>
    </ClCompile>
    <ClCompile Include="src\resources\materials\effects\MaterialEffectText.cpp">
      <Filter>Source Files\resources\materials\effects</Filter>
    </ClCompile>
    <ClCompile Include="src\resources\materials\effects\MaterialEffectTextureArray.cpp">
      <Filter>Source Files\resources\materials\effects</Filter>
    </ClCompile>
    <ClCompile Include="src\resources\materials\effects\MaterialEffectTextureCubemap.cpp">
      <Filter>Source Files\resources\materials\effects</Filter>
    </ClCompile>
    <ClCompile Include="src\resources\materials\effects\MaterialEffectFloat.cpp">
      <Filter>Source Files\resources\materials\effects</Filter>
    </ClCompile>
    <ClCompile Include="src\resources\entities\Water.cpp">
      <Filter>Source Files\resources\entities</Filter>
    </ClCompile>
    <ClCompile Include="src\resources\materials\effects\MaterialEffectWater.cpp">
      <Filter>Source Files\resources\materials\effects</Filter>
    </ClCompile>
    <ClCompile Include="src\resources\renderers\ParticleRenderer.cpp">
      <Filter>Source Files\resources\renderers</Filter>
    </ClCompile>
    <ClCompile Include="src\resources\materials\effects\MaterialEffectParticle.cpp">
      <Filter>Source Files\resources\materials\effects</Filter>
    </ClCompile>
    <ClCompile Include="src\resources\materials\effects\MaterialEffectDepthTexture.cpp">
      <Filter>Source Files\resources\materials\effects</Filter>
    </ClCompile>
    <ClCompile Include="src\resources\materials\effects\MaterialEffectFloat2.cpp">
      <Filter>Source Files\resources\materials\effects</Filter>
    </ClCompile>
    <ClCompile Include="src\resources\materials\effects\MaterialEffectFloat3.cpp">
      <Filter>Source Files\resources\materials\effects</Filter>
    </ClCompile>
    <ClCompile Include="src\resources\materials\effects\MaterialEffectFloat4.cpp">
      <Filter>Source Files\resources\materials\effects</Filter>
    </ClCompile>
    <ClCompile Include="src\resources\renderers\EnergyWallRenderer.cpp">
      <Filter>Source Files\resources\renderers</Filter>
    </ClCompile>
    <ClCompile Include="src\resources\renderers\IRenderer.cpp">
      <Filter>Source Files\resources\renderers</Filter>
    </ClCompile>
    <ClCompile Include="src\resources\systems\renderSystem\RenderPass.cpp">
      <Filter>Source Files\resources\systems\renderSystem</Filter>
    </ClCompile>
    <ClCompile Include="src\resources\systems\renderSystem\IFrameBuffer.cpp">
      <Filter>Source Files\resources\systems\renderSystem</Filter>
    </ClCompile>
    <ClCompile Include="src\resources\command\ICommand.cpp">
      <Filter>Source Files\resources\command</Filter>
    </ClCompile>
    <ClCompile Include="src\resources\command\commands\RiseTerrainCommand.cpp">
      <Filter>Source Files\resources\command\commands</Filter>
    </ClCompile>
    <ClCompile Include="src\resources\systems\renderSystem\ShadowsRenderPassSubSystem.cpp">
      <Filter>Source Files\resources\systems\renderSystem</Filter>
    </ClCompile>
    <ClCompile Include="src\resources\systems\renderSystem\WaterRenderPassSubSystem.cpp">
      <Filter>Source Files\resources\systems\renderSystem</Filter>
    </ClCompile>
    <ClCompile Include="src\input\IInputListener.cpp">
      <Filter>Source Files\input</Filter>
    </ClCompile>
    <ClCompile Include="src\input\InputConverter.cpp">
      <Filter>Source Files\input</Filter>
    </ClCompile>
    <ClCompile Include="src\resources\GameEvent.cpp">
      <Filter>Source Files\resources</Filter>
    </ClCompile>
    <ClCompile Include="src\resources\components\InputComponent.cpp">
      <Filter>Source Files\resources\components</Filter>
    </ClCompile>
    <ClCompile Include="src\resources\systems\InputSystem.cpp">
      <Filter>Source Files\resources\systems</Filter>
    </ClCompile>
    <ClCompile Include="src\input\InputHandler.cpp">
      <Filter>Source Files\input</Filter>
    </ClCompile>
    <ClCompile Include="src\resources\events\CharacterControllerEvent.cpp">
      <Filter>Source Files\resources\events</Filter>
    </ClCompile>
    <ClCompile Include="src\resources\events\characterControllerEvents\BackwardEvent.cpp">
      <Filter>Source Files\resources\events\characterControllerEvents</Filter>
    </ClCompile>
    <ClCompile Include="src\resources\events\characterControllerEvents\ForwardEvent.cpp">
      <Filter>Source Files\resources\events\characterControllerEvents</Filter>
    </ClCompile>
    <ClCompile Include="src\resources\events\characterControllerEvents\ZoomEvent.cpp">
      <Filter>Source Files\resources\events\characterControllerEvents</Filter>
    </ClCompile>
    <ClCompile Include="src\resources\events\characterControllerEvents\JumpEvent.cpp">
      <Filter>Source Files\resources\events\characterControllerEvents</Filter>
    </ClCompile>
    <ClCompile Include="src\resources\events\characterControllerEvents\ButtonLeftEvent.cpp">
      <Filter>Source Files\resources\events\characterControllerEvents</Filter>
    </ClCompile>
    <ClCompile Include="src\resources\events\characterControllerEvents\ButtonRightEvent.cpp">
      <Filter>Source Files\resources\events\characterControllerEvents</Filter>
    </ClCompile>
    <ClCompile Include="src\resources\events\characterControllerEvents\PitchEvent.cpp">
      <Filter>Source Files\resources\events\characterControllerEvents</Filter>
    </ClCompile>
    <ClCompile Include="src\resources\events\characterControllerEvents\TurnEvent.cpp">
      <Filter>Source Files\resources\events\characterControllerEvents</Filter>
    </ClCompile>
    <ClCompile Include="src\input\bindings\KeyToEventBind.cpp">
      <Filter>Source Files\input\binding</Filter>
    </ClCompile>
    <ClCompile Include="src\input\bindings\MouseToEventBind.cpp">
      <Filter>Source Files\input\binding</Filter>
    </ClCompile>
    <ClCompile Include="src\resources\shaders\OverdrawShader.cpp">
      <Filter>Source Files\resources\shaders</Filter>
    </ClCompile>
    <ClCompile Include="src\resources\systems\DebugSystem.cpp">
      <Filter>Source Files\resources\systems</Filter>
    </ClCompile>
    <ClCompile Include="src\resources\components\DebugComponent.cpp">
      <Filter>Source Files\resources\components</Filter>
    </ClCompile>
    <ClCompile Include="src\resources\renderers\WireframeRenderer.cpp">
      <Filter>Source Files\resources\renderers</Filter>
    </ClCompile>
    <ClCompile Include="src\visitor\BaseVisitable.cpp">
      <Filter>Source Files\visitor</Filter>
    </ClCompile>
    <ClCompile Include="src\visitor\BaseVisitor.cpp">
      <Filter>Source Files\visitor</Filter>
    </ClCompile>
    <ClCompile Include="src\statistics\Statistics.cpp">
      <Filter>Source Files\statitstics</Filter>
    </ClCompile>
    <ClCompile Include="src\resources\postprocesseffects\PostProcessEffect.cpp">
      <Filter>Source Files\resources\postprocesseffects</Filter>
    </ClCompile>
    <ClCompile Include="src\resources\systems\renderSystem\PostProcessSubSystem.cpp">
      <Filter>Source Files\resources\systems\renderSystem</Filter>
    </ClCompile>
    <ClCompile Include="src\resources\renderers\ImageRenderer.cpp">
      <Filter>Source Files\resources\renderers</Filter>
    </ClCompile>
    <ClCompile Include="src\resources\shaders\ContrastShader.cpp">
      <Filter>Source Files\resources\shaders</Filter>
    </ClCompile>
    <ClCompile Include="src\resources\shaders\HorizontalBlurShader.cpp">
      <Filter>Source Files\resources\shaders</Filter>
    </ClCompile>
    <ClCompile Include="src\resources\shaders\VerticalBlurShader.cpp">
      <Filter>Source Files\resources\shaders</Filter>
    </ClCompile>
    <ClCompile Include="src\resources\shaders\BrightShader.cpp">
      <Filter>Source Files\resources\shaders</Filter>
    </ClCompile>
    <ClCompile Include="src\resources\shaders\BloomShader.cpp">
      <Filter>Source Files\resources\shaders</Filter>
    </ClCompile>
    <ClCompile Include="src\resources\scene\quadtree\GameEntityQuadTree.cpp">
      <Filter>Source Files\resources\scene\quadtree</Filter>
    </ClCompile>
    <ClCompile Include="src\resources\scene\GameScene.cpp">
      <Filter>Source Files\resources\scene</Filter>
    </ClCompile>
    <ClCompile Include="src\resources\scene\IGameSceneListener.cpp">
      <Filter>Source Files\resources\scene</Filter>
    </ClCompile>
    <ClCompile Include="src\resources\scene\ISpacePartition.cpp">
      <Filter>Source Files\resources\scene</Filter>
    </ClCompile>
    <ClCompile Include="src\resources\systems\SpacePartitionSystem.cpp">
      <Filter>Source Files\resources\systems</Filter>
    </ClCompile>
    <ClCompile Include="src\resources\components\SpacePartitionComponent.cpp">
      <Filter>Source Files\resources\components</Filter>
    </ClCompile>
    <ClCompile Include="src\Frustum.cpp">
      <Filter>Source Files</Filter>
    </ClCompile>
    <ClCompile Include="src\resources\scene\quadtree\DirectQuadTree.cpp">
      <Filter>Source Files\resources\scene\quadtree</Filter>
    </ClCompile>
    <ClCompile Include="src\resources\scene\quadtree\QuadTree.cpp">
      <Filter>Source Files\resources\scene\quadtree</Filter>
    </ClCompile>
    <ClCompile Include="src\resources\renderers\PointsRenderer.cpp">
      <Filter>Source Files\resources\renderers</Filter>
    </ClCompile>
    <ClCompile Include="src\resources\entities\PointsPatch.cpp">
      <Filter>Source Files\resources\entities</Filter>
    </ClCompile>
    <ClCompile Include="src\resources\shaders\GrassShader.cpp">
      <Filter>Source Files\resources\shaders</Filter>
    </ClCompile>
    <ClCompile Include="src\resources\components\EnvironmentAffectedComponent.cpp">
      <Filter>Source Files\resources\components</Filter>
    </ClCompile>
    <ClCompile Include="src\resources\systems\environmentSystem\EnvironmentSystem.cpp">
      <Filter>Source Files\resources\systems\environmentSystem</Filter>
    </ClCompile>
    <ClCompile Include="src\resources\components\EnvironmentModificatorComponent.cpp">
      <Filter>Source Files\resources\components</Filter>
    </ClCompile>
    <ClCompile Include="src\resources\materials\effects\MaterialEffectFloat3Array.cpp">
      <Filter>Source Files\resources\materials\effects</Filter>
    </ClCompile>
    <ClCompile Include="src\resources\models\animation\Joint.cpp">
      <Filter>Source Files\resources\models\animation</Filter>
    </ClCompile>
    <ClCompile Include="src\resources\models\animation\Animation.cpp">
      <Filter>Source Files\resources\models\animation</Filter>
    </ClCompile>
    <ClCompile Include="src\resources\models\animation\KeyFrame.cpp">
      <Filter>Source Files\resources\models\animation</Filter>
    </ClCompile>
    <ClCompile Include="src\resources\models\animation\JointTransform.cpp">
      <Filter>Source Files\resources\models\animation</Filter>
    </ClCompile>
    <ClCompile Include="src\resources\models\animation\Animator.cpp">
      <Filter>Source Files\resources\models\animation</Filter>
    </ClCompile>
    <ClCompile Include="src\loader\FBXLoader.cpp">
      <Filter>Source Files\loader</Filter>
    </ClCompile>
    <ClCompile Include="src\loader\ModelFactory.cpp">
      <Filter>Source Files\loader</Filter>
    </ClCompile>
    <ClCompile Include="src\resources\models\animation\AnimatedModel.cpp">
      <Filter>Source Files\resources\models\animation</Filter>
    </ClCompile>
    <ClCompile Include="src\resources\models\animation\AnimationsLibrary.cpp">
      <Filter>Source Files\resources\models\animation</Filter>
    </ClCompile>
    <ClCompile Include="src\resources\systems\AnimationSystem.cpp">
      <Filter>Source Files\resources\systems</Filter>
    </ClCompile>
    <ClCompile Include="src\resources\components\AnimationComponent.cpp">
      <Filter>Source Files\resources\components</Filter>
    </ClCompile>
    <ClCompile Include="src\resources\shaders\AnimatedModelShader.cpp">
      <Filter>Source Files\resources\shaders</Filter>
    </ClCompile>
    <ClCompile Include="src\resources\materials\effects\MaterialEffectMatric4Array.cpp">
      <Filter>Source Files\resources\materials\effects</Filter>
    </ClCompile>
    <ClCompile Include="src\loader\ColladaLoader.cpp">
      <Filter>Source Files\loader</Filter>
    </ClCompile>
    <ClCompile Include="src\resources\renderers\VerticesRenderer.cpp">
      <Filter>Source Files\resources\renderers</Filter>
    </ClCompile>
    <ClCompile Include="src\resources\renderers\IndicesRenderer.cpp">
      <Filter>Source Files\resources\renderers</Filter>
    </ClCompile>
    <ClCompile Include="imgui\imgui.cpp">
      <Filter>Source Files\imgui</Filter>
    </ClCompile>
    <ClCompile Include="imgui\imgui_demo.cpp">
      <Filter>Source Files\imgui</Filter>
    </ClCompile>
    <ClCompile Include="imgui\imgui_draw.cpp">
      <Filter>Source Files\imgui</Filter>
    </ClCompile>
    <ClCompile Include="imgui\imgui_widgets.cpp">
      <Filter>Source Files\imgui</Filter>
    </ClCompile>
    <ClCompile Include="src\guiTool\GuiTool.cpp">
      <Filter>Source Files\guiTool</Filter>
    </ClCompile>
    <ClCompile Include="imgui\imgui_impl_glfw.cpp">
      <Filter>Source Files\imgui</Filter>
    </ClCompile>
    <ClCompile Include="imgui\imgui_impl_opengl3.cpp">
      <Filter>Source Files\imgui</Filter>
    </ClCompile>
    <ClCompile Include="src\resources\systems\environmentSystem\SunLight.cpp">
      <Filter>Source Files\resources\systems\environmentSystem</Filter>
    </ClCompile>
    <ClCompile Include="src\resources\materials\effects\MaterialEffectDirectionalLightProperties.cpp">
      <Filter>Source Files\resources\materials\effects</Filter>
    </ClCompile>
    <ClCompile Include="src\loader\AssimpLoader.cpp">
      <Filter>Source Files\loader</Filter>
    </ClCompile>
    <ClCompile Include="src\utils\Log.cpp">
      <Filter>Source Files\utils</Filter>
    </ClCompile>
    <ClCompile Include="src\utils\FileReader.cpp">
      <Filter>Source Files\utils</Filter>
    </ClCompile>
    <ClCompile Include="src\game\ShooterGame.cpp">
      <Filter>Source Files\game</Filter>
    </ClCompile>
    <ClCompile Include="src\resources\systems\renderSystem\GUIRenderPassSubSystem.cpp">
      <Filter>Source Files\resources\systems\renderSystem</Filter>
    </ClCompile>
    <ClCompile Include="src\game\hud\GameHUD.cpp">
      <Filter>Source Files\game\hud</Filter>
    </ClCompile>
    <ClCompile Include="src\game\hud\ItemsListHUD.cpp">
      <Filter>Source Files\game\hud</Filter>
    </ClCompile>
    <ClCompile Include="src\game\hud\ItemHUD.cpp">
      <Filter>Source Files\game\hud</Filter>
    </ClCompile>
    <ClCompile Include="src\game\events\StoreIntoInventoryEvent.cpp">
      <Filter>Source Files\game\events</Filter>
    </ClCompile>
    <ClCompile Include="src\Singleton.cpp">
      <Filter>Source Files</Filter>
    </ClCompile>
    <ClCompile Include="src\game\inventory\Inventory.cpp">
      <Filter>Source Files\game\inventory</Filter>
    </ClCompile>
    <ClCompile Include="src\game\maps\MarsPlanet.cpp">
      <Filter>Source Files\game\maps</Filter>
    </ClCompile>
    <ClCompile Include="src\game\Player.cpp">
      <Filter>Source Files\game</Filter>
    </ClCompile>
    <ClCompile Include="src\resources\entities\Character.cpp">
      <Filter>Source Files\resources\entities</Filter>
    </ClCompile>
    <ClCompile Include="src\resources\systems\renderSystem\GameplayRenderPassSubSystem.cpp">
      <Filter>Source Files\resources\systems\renderSystem</Filter>
    </ClCompile>
    <ClCompile Include="src\resources\systems\renderSystem\ParticlesRenderPassSubSystem.cpp">
      <Filter>Source Files\resources\systems\renderSystem</Filter>
    </ClCompile>
    <ClCompile Include="src\resources\systems\renderSystem\TransparentRenderPassSubSystem.cpp">
      <Filter>Source Files\resources\systems\renderSystem</Filter>
    </ClCompile>
    <ClCompile Include="src\resources\systems\StatisticsSystem.cpp">
      <Filter>Source Files\resources\systems</Filter>
    </ClCompile>
    <ClCompile Include="src\resources\components\GameEventsComponent.cpp">
      <Filter>Source Files\resources\components</Filter>
    </ClCompile>
    <ClCompile Include="src\game\controllers\InventoryController.cpp">
      <Filter>Source Files\game\controllers</Filter>
    </ClCompile>
    <ClCompile Include="src\game\events\NextPreviousInventoryItemEvent.cpp">
      <Filter>Source Files\game\events</Filter>
    </ClCompile>
    <ClCompile Include="src\game\entities\Battery.cpp">
      <Filter>Source Files\game\entities</Filter>
    </ClCompile>
    <ClCompile Include="src\game\entities\EntitiesFactory.cpp">
      <Filter>Source Files\game\entities</Filter>
    </ClCompile>
    <ClCompile Include="src\resources\entities\ParticlesEmitterLibrary.cpp">
      <Filter>Source Files\resources\entities</Filter>
    </ClCompile>
    <ClCompile Include="src\game\components\PickupGameEntityComponent.cpp">
      <Filter>Source Files\game\components</Filter>
    </ClCompile>
    <ClCompile Include="src\game\events\PickupGameEntityEvent.cpp">
      <Filter>Source Files\game\events</Filter>
    </ClCompile>
    <ClCompile Include="src\game\input\bindings\KeyToPickUpGameEntityEventBind.cpp">
      <Filter>Source Files\game\input\bindings</Filter>
    </ClCompile>
    <ClCompile Include="src\game\events\DropItemInventoryEvent.cpp">
      <Filter>Source Files\game\events</Filter>
    </ClCompile>
    <ClCompile Include="src\game\inventory\InventoryItem.cpp">
      <Filter>Source Files\game\inventory</Filter>
    </ClCompile>
    <ClCompile Include="src\game\inventory\InventoryItemFactory.cpp">
      <Filter>Source Files\game\inventory</Filter>
    </ClCompile>
    <ClCompile Include="src\resources\components\AttachGameEntityComponent.cpp">
      <Filter>Source Files\resources\components</Filter>
    </ClCompile>
    <ClCompile Include="src\game\hud\HealthHUD.cpp">
      <Filter>Source Files\game\hud</Filter>
    </ClCompile>
    <ClCompile Include="src\resources\renderers\GUIRenderer.cpp">
      <Filter>Source Files\resources\renderers</Filter>
    </ClCompile>
    <ClCompile Include="src\resources\systems\ISystem.cpp">
      <Filter>Source Files\resources\systems</Filter>
    </ClCompile>
    <ClCompile Include="src\resources\components\DamageComponent.cpp">
      <Filter>Source Files\resources\components</Filter>
    </ClCompile>
    <ClCompile Include="src\resources\components\HealthComponent.cpp">
      <Filter>Source Files\resources\components</Filter>
    </ClCompile>
    <ClCompile Include="src\resources\systems\DamageSystem.cpp">
      <Filter>Source Files\resources\systems</Filter>
    </ClCompile>
    <ClCompile Include="src\resources\events\characterControllerEvents\HealthEvent.cpp">
      <Filter>Source Files\resources\events\characterControllerEvents</Filter>
    </ClCompile>
    <ClCompile Include="src\game\controllers\HealthController.cpp">
      <Filter>Source Files\game\controllers</Filter>
    </ClCompile>
    <ClCompile Include="src\resources\events\characterControllerEvents\DieEvent.cpp">
      <Filter>Source Files\resources\events\characterControllerEvents</Filter>
    </ClCompile>
    <ClCompile Include="src\game\hud\HorizontalBar.cpp">
      <Filter>Source Files\game\hud</Filter>
    </ClCompile>
    <ClCompile Include="src\game\building\BuildingBuilder.cpp">
      <Filter>Source Files\game\building</Filter>
    </ClCompile>
  </ItemGroup>
  <ItemGroup>
    <None Include="data\shaders\fragment\f_default.cg">
      <Filter>Source Files\shaders\fragment</Filter>
    </None>
    <None Include="data\shaders\fragment\f_model.cg">
      <Filter>Source Files\shaders\fragment</Filter>
    </None>
    <None Include="data\shaders\fragment\f_quad.cg">
      <Filter>Source Files\shaders\fragment</Filter>
    </None>
    <None Include="data\shaders\fragment\f_skybox.cg">
      <Filter>Source Files\shaders\fragment</Filter>
    </None>
    <None Include="data\shaders\fragment\f_test_terrain_1.cg">
      <Filter>Source Files\shaders\fragment</Filter>
    </None>
    <None Include="data\shaders\vertex\v_default.cg">
      <Filter>Source Files\shaders\vertex</Filter>
    </None>
    <None Include="data\shaders\vertex\v_model.cg">
      <Filter>Source Files\shaders\vertex</Filter>
    </None>
    <None Include="data\shaders\vertex\v_quad.cg">
      <Filter>Source Files\shaders\vertex</Filter>
    </None>
    <None Include="data\shaders\vertex\v_skybox.cg">
      <Filter>Source Files\shaders\vertex</Filter>
    </None>
    <None Include="data\shaders\vertex\v_test_terrain_1.cg">
      <Filter>Source Files\shaders\vertex</Filter>
    </None>
    <None Include="data\shaders\fragment\f_water.cg">
      <Filter>Source Files\shaders\fragment</Filter>
    </None>
    <None Include="data\shaders\vertex\v_water.cg">
      <Filter>Source Files\shaders\vertex</Filter>
    </None>
    <None Include="data\shaders\fragment\f_particle.cg">
      <Filter>Source Files\shaders\fragment</Filter>
    </None>
    <None Include="data\shaders\vertex\v_particle.cg">
      <Filter>Source Files\shaders\vertex</Filter>
    </None>
    <None Include="data\shaders\fragment\f_gui_quad.cg">
      <Filter>Source Files\shaders\fragment</Filter>
    </None>
    <None Include="data\shaders\vertex\v_gui_quad.cg">
      <Filter>Source Files\shaders\vertex</Filter>
    </None>
    <None Include="data\shaders\fragment\f_model_normalmap.cg">
      <Filter>Source Files\shaders\fragment</Filter>
    </None>
    <None Include="data\shaders\vertex\v_model_normalmap.cg">
      <Filter>Source Files\shaders\vertex</Filter>
    </None>
    <None Include="data\shaders\vertex\v_energy_wall.cg">
      <Filter>Source Files\shaders\vertex</Filter>
    </None>
    <None Include="data\shaders\fragment\f_energy_wall.cg">
      <Filter>Source Files\shaders\fragment</Filter>
    </None>
    <None Include="data\shaders\fragment\f_text.cg">
      <Filter>Source Files\shaders\fragment</Filter>
    </None>
    <None Include="data\shaders\vertex\v_text.cg">
      <Filter>Source Files\shaders\vertex</Filter>
    </None>
    <None Include="data\shaders\fragment\f_shadow.cg">
      <Filter>Source Files\shaders\fragment</Filter>
    </None>
    <None Include="data\shaders\vertex\v_shadow.cg">
      <Filter>Source Files\shaders\vertex</Filter>
    </None>
    <None Include="data\shaders\fragment\f_overdraw.cg">
      <Filter>Source Files\shaders\fragment</Filter>
    </None>
    <None Include="data\shaders\vertex\v_overdraw.cg">
      <Filter>Source Files\shaders\vertex</Filter>
    </None>
    <None Include="data\shaders\fragment\f_contrast.cg">
      <Filter>Source Files\shaders\fragment</Filter>
    </None>
    <None Include="data\shaders\vertex\v_contrast.cg">
      <Filter>Source Files\shaders\vertex</Filter>
    </None>
    <None Include="data\shaders\vertex\v_horizontal_blur.cg">
      <Filter>Source Files\shaders\vertex</Filter>
    </None>
    <None Include="data\shaders\vertex\v_vertical_blur.cg">
      <Filter>Source Files\shaders\vertex</Filter>
    </None>
    <None Include="data\shaders\fragment\f_blur.cg">
      <Filter>Source Files\shaders\fragment</Filter>
    </None>
    <None Include="data\shaders\vertex\v_bright.cg">
      <Filter>Source Files\shaders\vertex</Filter>
    </None>
    <None Include="data\shaders\fragment\f_bright.cg">
      <Filter>Source Files\shaders\fragment</Filter>
    </None>
    <None Include="data\shaders\fragment\f_bloom.cg">
      <Filter>Source Files\shaders\fragment</Filter>
    </None>
    <None Include="data\shaders\vertex\v_bloom.cg">
      <Filter>Source Files\shaders\vertex</Filter>
    </None>
    <None Include="data\shaders\fragment\f_grass.cg">
      <Filter>Source Files\shaders\fragment</Filter>
    </None>
    <None Include="data\shaders\geometry\g_grass.cg">
      <Filter>Source Files\shaders\geometry</Filter>
    </None>
    <None Include="data\shaders\vertex\v_grass.cg">
      <Filter>Source Files\shaders\vertex</Filter>
    </None>
    <None Include="data\shaders\geometry\g_normal.cg">
      <Filter>Source Files\shaders\geometry</Filter>
    </None>
    <None Include="data\shaders\fragment\f_normal.cg">
      <Filter>Source Files\shaders\fragment</Filter>
    </None>
    <None Include="data\shaders\vertex\v_model_animated.cg">
      <Filter>Source Files\shaders\vertex</Filter>
    </None>
  </ItemGroup>
</Project>