Microsoft Visual Studio Solution File, Format Version 12.00
# Visual Studio 15
Project("{8BC9CEB8-8B4A-11D0-8D11-00A0C91BC942}") = "ALL_BUILD", "ALL_BUILD.vcxproj", "{46FEC6FF-5F6D-31C3-8717-6A8D51BB26B0}"
	ProjectSection(ProjectDependencies) = postProject
		{ECEFAB3F-89F8-322B-BDDA-569ACC2DEDAE} = {ECEFAB3F-89F8-322B-BDDA-569ACC2DEDAE}
		{1FB1C658-5D7C-3617-9463-3E937A7B361F} = {1FB1C658-5D7C-3617-9463-3E937A7B361F}
		{6FAE733F-377B-3ECF-B1CE-4D4FEFEEC6F8} = {6FAE733F-377B-3ECF-B1CE-4D4FEFEEC6F8}
		{44E09F56-942D-3679-B794-4B9B173793CA} = {44E09F56-942D-3679-B794-4B9B173793CA}
		{0BA0F4F8-A3B0-3DB6-ACA1-99BA5ED3D4E7} = {0BA0F4F8-A3B0-3DB6-ACA1-99BA5ED3D4E7}
		{B15467FE-D9A8-3111-9357-AD7C6CD96775} = {B15467FE-D9A8-3111-9357-AD7C6CD96775}
		{2A26F12A-AE07-36E9-8CE8-A49CC9A10058} = {2A26F12A-AE07-36E9-8CE8-A49CC9A10058}
	EndProjectSection
EndProject
Project("{8BC9CEB8-8B4A-11D0-8D11-00A0C91BC942}") = "Continuous", "test\Continuous.vcxproj", "{F99FBBDD-9F51-3E1B-9598-0C59A327961D}"
	ProjectSection(ProjectDependencies) = postProject
		{1FB1C658-5D7C-3617-9463-3E937A7B361F} = {1FB1C658-5D7C-3617-9463-3E937A7B361F}
	EndProjectSection
EndProject
Project("{8BC9CEB8-8B4A-11D0-8D11-00A0C91BC942}") = "Experimental", "test\Experimental.vcxproj", "{7F650C04-3141-3C83-A5AB-1E8962D62CB5}"
	ProjectSection(ProjectDependencies) = postProject
		{1FB1C658-5D7C-3617-9463-3E937A7B361F} = {1FB1C658-5D7C-3617-9463-3E937A7B361F}
	EndProjectSection
EndProject
Project("{8BC9CEB8-8B4A-11D0-8D11-00A0C91BC942}") = "INSTALL", "INSTALL.vcxproj", "{5A338C73-DAAF-37CB-A427-D3D1C7C840A0}"
	ProjectSection(ProjectDependencies) = postProject
		{46FEC6FF-5F6D-31C3-8717-6A8D51BB26B0} = {46FEC6FF-5F6D-31C3-8717-6A8D51BB26B0}
		{1FB1C658-5D7C-3617-9463-3E937A7B361F} = {1FB1C658-5D7C-3617-9463-3E937A7B361F}
	EndProjectSection
EndProject
Project("{8BC9CEB8-8B4A-11D0-8D11-00A0C91BC942}") = "IrrXML", "contrib\irrXML\IrrXML.vcxproj", "{ECEFAB3F-89F8-322B-BDDA-569ACC2DEDAE}"
	ProjectSection(ProjectDependencies) = postProject
		{1FB1C658-5D7C-3617-9463-3E937A7B361F} = {1FB1C658-5D7C-3617-9463-3E937A7B361F}
	EndProjectSection
EndProject
Project("{8BC9CEB8-8B4A-11D0-8D11-00A0C91BC942}") = "Nightly", "test\Nightly.vcxproj", "{832BA36B-F132-3275-945B-EEB315D0F9E3}"
	ProjectSection(ProjectDependencies) = postProject
		{1FB1C658-5D7C-3617-9463-3E937A7B361F} = {1FB1C658-5D7C-3617-9463-3E937A7B361F}
	EndProjectSection
EndProject
Project("{8BC9CEB8-8B4A-11D0-8D11-00A0C91BC942}") = "NightlyMemoryCheck", "test\NightlyMemoryCheck.vcxproj", "{CE2028FC-447D-3D06-AD7B-408D8D7F74AF}"
	ProjectSection(ProjectDependencies) = postProject
		{1FB1C658-5D7C-3617-9463-3E937A7B361F} = {1FB1C658-5D7C-3617-9463-3E937A7B361F}
	EndProjectSection
EndProject
Project("{8BC9CEB8-8B4A-11D0-8D11-00A0C91BC942}") = "UpdateAssimpLibsDebugSymbolsAndDLLs", "UpdateAssimpLibsDebugSymbolsAndDLLs.vcxproj", "{9726BBBD-A531-3929-9639-FECAACDB75E0}"
	ProjectSection(ProjectDependencies) = postProject
		{1FB1C658-5D7C-3617-9463-3E937A7B361F} = {1FB1C658-5D7C-3617-9463-3E937A7B361F}
	EndProjectSection
EndProject
Project("{8BC9CEB8-8B4A-11D0-8D11-00A0C91BC942}") = "ZERO_CHECK", "ZERO_CHECK.vcxproj", "{1FB1C658-5D7C-3617-9463-3E937A7B361F}"
	ProjectSection(ProjectDependencies) = postProject
	EndProjectSection
EndProject
Project("{8BC9CEB8-8B4A-11D0-8D11-00A0C91BC942}") = "assimp", "code\assimp.vcxproj", "{6FAE733F-377B-3ECF-B1CE-4D4FEFEEC6F8}"
	ProjectSection(ProjectDependencies) = postProject
		{ECEFAB3F-89F8-322B-BDDA-569ACC2DEDAE} = {ECEFAB3F-89F8-322B-BDDA-569ACC2DEDAE}
		{1FB1C658-5D7C-3617-9463-3E937A7B361F} = {1FB1C658-5D7C-3617-9463-3E937A7B361F}
		{2A26F12A-AE07-36E9-8CE8-A49CC9A10058} = {2A26F12A-AE07-36E9-8CE8-A49CC9A10058}
	EndProjectSection
EndProject
Project("{8BC9CEB8-8B4A-11D0-8D11-00A0C91BC942}") = "assimp_cmd", "tools\assimp_cmd\assimp_cmd.vcxproj", "{44E09F56-942D-3679-B794-4B9B173793CA}"
	ProjectSection(ProjectDependencies) = postProject
		{ECEFAB3F-89F8-322B-BDDA-569ACC2DEDAE} = {ECEFAB3F-89F8-322B-BDDA-569ACC2DEDAE}
		{1FB1C658-5D7C-3617-9463-3E937A7B361F} = {1FB1C658-5D7C-3617-9463-3E937A7B361F}
		{6FAE733F-377B-3ECF-B1CE-4D4FEFEEC6F8} = {6FAE733F-377B-3ECF-B1CE-4D4FEFEEC6F8}
		{2A26F12A-AE07-36E9-8CE8-A49CC9A10058} = {2A26F12A-AE07-36E9-8CE8-A49CC9A10058}
	EndProjectSection
EndProject
Project("{8BC9CEB8-8B4A-11D0-8D11-00A0C91BC942}") = "uninstall", "uninstall.vcxproj", "{B1CC0F55-2B04-3F74-96AA-43BCA2A9B0BF}"
	ProjectSection(ProjectDependencies) = postProject
		{1FB1C658-5D7C-3617-9463-3E937A7B361F} = {1FB1C658-5D7C-3617-9463-3E937A7B361F}
	EndProjectSection
EndProject
Project("{8BC9CEB8-8B4A-11D0-8D11-00A0C91BC942}") = "unit", "test\unit.vcxproj", "{0BA0F4F8-A3B0-3DB6-ACA1-99BA5ED3D4E7}"
	ProjectSection(ProjectDependencies) = postProject
		{ECEFAB3F-89F8-322B-BDDA-569ACC2DEDAE} = {ECEFAB3F-89F8-322B-BDDA-569ACC2DEDAE}
		{1FB1C658-5D7C-3617-9463-3E937A7B361F} = {1FB1C658-5D7C-3617-9463-3E937A7B361F}
		{6FAE733F-377B-3ECF-B1CE-4D4FEFEEC6F8} = {6FAE733F-377B-3ECF-B1CE-4D4FEFEEC6F8}
		{2A26F12A-AE07-36E9-8CE8-A49CC9A10058} = {2A26F12A-AE07-36E9-8CE8-A49CC9A10058}
	EndProjectSection
EndProject
Project("{8BC9CEB8-8B4A-11D0-8D11-00A0C91BC942}") = "zlib", "contrib\zlib\zlib.vcxproj", "{B15467FE-D9A8-3111-9357-AD7C6CD96775}"
	ProjectSection(ProjectDependencies) = postProject
		{1FB1C658-5D7C-3617-9463-3E937A7B361F} = {1FB1C658-5D7C-3617-9463-3E937A7B361F}
	EndProjectSection
EndProject
Project("{8BC9CEB8-8B4A-11D0-8D11-00A0C91BC942}") = "zlibstatic", "contrib\zlib\zlibstatic.vcxproj", "{2A26F12A-AE07-36E9-8CE8-A49CC9A10058}"
	ProjectSection(ProjectDependencies) = postProject
		{1FB1C658-5D7C-3617-9463-3E937A7B361F} = {1FB1C658-5D7C-3617-9463-3E937A7B361F}
	EndProjectSection
EndProject
Global
	GlobalSection(SolutionConfigurationPlatforms) = preSolution
		Debug|Win32 = Debug|Win32
		Release|Win32 = Release|Win32
		MinSizeRel|Win32 = MinSizeRel|Win32
		RelWithDebInfo|Win32 = RelWithDebInfo|Win32
	EndGlobalSection
	GlobalSection(ProjectConfigurationPlatforms) = postSolution
		{46FEC6FF-5F6D-31C3-8717-6A8D51BB26B0}.Debug|Win32.ActiveCfg = Debug|Win32
		{46FEC6FF-5F6D-31C3-8717-6A8D51BB26B0}.Debug|Win32.Build.0 = Debug|Win32
		{46FEC6FF-5F6D-31C3-8717-6A8D51BB26B0}.Release|Win32.ActiveCfg = Release|Win32
		{46FEC6FF-5F6D-31C3-8717-6A8D51BB26B0}.Release|Win32.Build.0 = Release|Win32
		{46FEC6FF-5F6D-31C3-8717-6A8D51BB26B0}.MinSizeRel|Win32.ActiveCfg = MinSizeRel|Win32
		{46FEC6FF-5F6D-31C3-8717-6A8D51BB26B0}.MinSizeRel|Win32.Build.0 = MinSizeRel|Win32
		{46FEC6FF-5F6D-31C3-8717-6A8D51BB26B0}.RelWithDebInfo|Win32.ActiveCfg = RelWithDebInfo|Win32
		{46FEC6FF-5F6D-31C3-8717-6A8D51BB26B0}.RelWithDebInfo|Win32.Build.0 = RelWithDebInfo|Win32
		{F99FBBDD-9F51-3E1B-9598-0C59A327961D}.Debug|Win32.ActiveCfg = Debug|Win32
		{F99FBBDD-9F51-3E1B-9598-0C59A327961D}.Release|Win32.ActiveCfg = Release|Win32
		{F99FBBDD-9F51-3E1B-9598-0C59A327961D}.MinSizeRel|Win32.ActiveCfg = MinSizeRel|Win32
		{F99FBBDD-9F51-3E1B-9598-0C59A327961D}.RelWithDebInfo|Win32.ActiveCfg = RelWithDebInfo|Win32
		{7F650C04-3141-3C83-A5AB-1E8962D62CB5}.Debug|Win32.ActiveCfg = Debug|Win32
		{7F650C04-3141-3C83-A5AB-1E8962D62CB5}.Release|Win32.ActiveCfg = Release|Win32
		{7F650C04-3141-3C83-A5AB-1E8962D62CB5}.MinSizeRel|Win32.ActiveCfg = MinSizeRel|Win32
		{7F650C04-3141-3C83-A5AB-1E8962D62CB5}.RelWithDebInfo|Win32.ActiveCfg = RelWithDebInfo|Win32
		{5A338C73-DAAF-37CB-A427-D3D1C7C840A0}.Debug|Win32.ActiveCfg = Debug|Win32
		{5A338C73-DAAF-37CB-A427-D3D1C7C840A0}.Release|Win32.ActiveCfg = Release|Win32
		{5A338C73-DAAF-37CB-A427-D3D1C7C840A0}.MinSizeRel|Win32.ActiveCfg = MinSizeRel|Win32
		{5A338C73-DAAF-37CB-A427-D3D1C7C840A0}.RelWithDebInfo|Win32.ActiveCfg = RelWithDebInfo|Win32
		{ECEFAB3F-89F8-322B-BDDA-569ACC2DEDAE}.Debug|Win32.ActiveCfg = Debug|Win32
		{ECEFAB3F-89F8-322B-BDDA-569ACC2DEDAE}.Debug|Win32.Build.0 = Debug|Win32
		{ECEFAB3F-89F8-322B-BDDA-569ACC2DEDAE}.Release|Win32.ActiveCfg = Release|Win32
		{ECEFAB3F-89F8-322B-BDDA-569ACC2DEDAE}.Release|Win32.Build.0 = Release|Win32
		{ECEFAB3F-89F8-322B-BDDA-569ACC2DEDAE}.MinSizeRel|Win32.ActiveCfg = MinSizeRel|Win32
		{ECEFAB3F-89F8-322B-BDDA-569ACC2DEDAE}.MinSizeRel|Win32.Build.0 = MinSizeRel|Win32
		{ECEFAB3F-89F8-322B-BDDA-569ACC2DEDAE}.RelWithDebInfo|Win32.ActiveCfg = RelWithDebInfo|Win32
		{ECEFAB3F-89F8-322B-BDDA-569ACC2DEDAE}.RelWithDebInfo|Win32.Build.0 = RelWithDebInfo|Win32
		{832BA36B-F132-3275-945B-EEB315D0F9E3}.Debug|Win32.ActiveCfg = Debug|Win32
		{832BA36B-F132-3275-945B-EEB315D0F9E3}.Release|Win32.ActiveCfg = Release|Win32
		{832BA36B-F132-3275-945B-EEB315D0F9E3}.MinSizeRel|Win32.ActiveCfg = MinSizeRel|Win32
		{832BA36B-F132-3275-945B-EEB315D0F9E3}.RelWithDebInfo|Win32.ActiveCfg = RelWithDebInfo|Win32
		{CE2028FC-447D-3D06-AD7B-408D8D7F74AF}.Debug|Win32.ActiveCfg = Debug|Win32
		{CE2028FC-447D-3D06-AD7B-408D8D7F74AF}.Release|Win32.ActiveCfg = Release|Win32
		{CE2028FC-447D-3D06-AD7B-408D8D7F74AF}.MinSizeRel|Win32.ActiveCfg = MinSizeRel|Win32
		{CE2028FC-447D-3D06-AD7B-408D8D7F74AF}.RelWithDebInfo|Win32.ActiveCfg = RelWithDebInfo|Win32
		{9726BBBD-A531-3929-9639-FECAACDB75E0}.Debug|Win32.ActiveCfg = Debug|Win32
		{9726BBBD-A531-3929-9639-FECAACDB75E0}.Release|Win32.ActiveCfg = Release|Win32
		{9726BBBD-A531-3929-9639-FECAACDB75E0}.MinSizeRel|Win32.ActiveCfg = MinSizeRel|Win32
		{9726BBBD-A531-3929-9639-FECAACDB75E0}.RelWithDebInfo|Win32.ActiveCfg = RelWithDebInfo|Win32
		{1FB1C658-5D7C-3617-9463-3E937A7B361F}.Debug|Win32.ActiveCfg = Debug|Win32
		{1FB1C658-5D7C-3617-9463-3E937A7B361F}.Debug|Win32.Build.0 = Debug|Win32
		{1FB1C658-5D7C-3617-9463-3E937A7B361F}.Release|Win32.ActiveCfg = Release|Win32
		{1FB1C658-5D7C-3617-9463-3E937A7B361F}.Release|Win32.Build.0 = Release|Win32
		{1FB1C658-5D7C-3617-9463-3E937A7B361F}.MinSizeRel|Win32.ActiveCfg = MinSizeRel|Win32
		{1FB1C658-5D7C-3617-9463-3E937A7B361F}.MinSizeRel|Win32.Build.0 = MinSizeRel|Win32
		{1FB1C658-5D7C-3617-9463-3E937A7B361F}.RelWithDebInfo|Win32.ActiveCfg = RelWithDebInfo|Win32
		{1FB1C658-5D7C-3617-9463-3E937A7B361F}.RelWithDebInfo|Win32.Build.0 = RelWithDebInfo|Win32
		{6FAE733F-377B-3ECF-B1CE-4D4FEFEEC6F8}.Debug|Win32.ActiveCfg = Debug|Win32
		{6FAE733F-377B-3ECF-B1CE-4D4FEFEEC6F8}.Debug|Win32.Build.0 = Debug|Win32
		{6FAE733F-377B-3ECF-B1CE-4D4FEFEEC6F8}.Release|Win32.ActiveCfg = Release|Win32
		{6FAE733F-377B-3ECF-B1CE-4D4FEFEEC6F8}.Release|Win32.Build.0 = Release|Win32
		{6FAE733F-377B-3ECF-B1CE-4D4FEFEEC6F8}.MinSizeRel|Win32.ActiveCfg = MinSizeRel|Win32
		{6FAE733F-377B-3ECF-B1CE-4D4FEFEEC6F8}.MinSizeRel|Win32.Build.0 = MinSizeRel|Win32
		{6FAE733F-377B-3ECF-B1CE-4D4FEFEEC6F8}.RelWithDebInfo|Win32.ActiveCfg = RelWithDebInfo|Win32
		{6FAE733F-377B-3ECF-B1CE-4D4FEFEEC6F8}.RelWithDebInfo|Win32.Build.0 = RelWithDebInfo|Win32
		{44E09F56-942D-3679-B794-4B9B173793CA}.Debug|Win32.ActiveCfg = Debug|Win32
		{44E09F56-942D-3679-B794-4B9B173793CA}.Debug|Win32.Build.0 = Debug|Win32
		{44E09F56-942D-3679-B794-4B9B173793CA}.Release|Win32.ActiveCfg = Release|Win32
		{44E09F56-942D-3679-B794-4B9B173793CA}.Release|Win32.Build.0 = Release|Win32
		{44E09F56-942D-3679-B794-4B9B173793CA}.MinSizeRel|Win32.ActiveCfg = MinSizeRel|Win32
		{44E09F56-942D-3679-B794-4B9B173793CA}.MinSizeRel|Win32.Build.0 = MinSizeRel|Win32
		{44E09F56-942D-3679-B794-4B9B173793CA}.RelWithDebInfo|Win32.ActiveCfg = RelWithDebInfo|Win32
		{44E09F56-942D-3679-B794-4B9B173793CA}.RelWithDebInfo|Win32.Build.0 = RelWithDebInfo|Win32
		{B1CC0F55-2B04-3F74-96AA-43BCA2A9B0BF}.Debug|Win32.ActiveCfg = Debug|Win32
		{B1CC0F55-2B04-3F74-96AA-43BCA2A9B0BF}.Release|Win32.ActiveCfg = Release|Win32
		{B1CC0F55-2B04-3F74-96AA-43BCA2A9B0BF}.MinSizeRel|Win32.ActiveCfg = MinSizeRel|Win32
		{B1CC0F55-2B04-3F74-96AA-43BCA2A9B0BF}.RelWithDebInfo|Win32.ActiveCfg = RelWithDebInfo|Win32
		{0BA0F4F8-A3B0-3DB6-ACA1-99BA5ED3D4E7}.Debug|Win32.ActiveCfg = Debug|Win32
		{0BA0F4F8-A3B0-3DB6-ACA1-99BA5ED3D4E7}.Debug|Win32.Build.0 = Debug|Win32
		{0BA0F4F8-A3B0-3DB6-ACA1-99BA5ED3D4E7}.Release|Win32.ActiveCfg = Release|Win32
		{0BA0F4F8-A3B0-3DB6-ACA1-99BA5ED3D4E7}.Release|Win32.Build.0 = Release|Win32
		{0BA0F4F8-A3B0-3DB6-ACA1-99BA5ED3D4E7}.MinSizeRel|Win32.ActiveCfg = MinSizeRel|Win32
		{0BA0F4F8-A3B0-3DB6-ACA1-99BA5ED3D4E7}.MinSizeRel|Win32.Build.0 = MinSizeRel|Win32
		{0BA0F4F8-A3B0-3DB6-ACA1-99BA5ED3D4E7}.RelWithDebInfo|Win32.ActiveCfg = RelWithDebInfo|Win32
		{0BA0F4F8-A3B0-3DB6-ACA1-99BA5ED3D4E7}.RelWithDebInfo|Win32.Build.0 = RelWithDebInfo|Win32
		{B15467FE-D9A8-3111-9357-AD7C6CD96775}.Debug|Win32.ActiveCfg = Debug|Win32
		{B15467FE-D9A8-3111-9357-AD7C6CD96775}.Debug|Win32.Build.0 = Debug|Win32
		{B15467FE-D9A8-3111-9357-AD7C6CD96775}.Release|Win32.ActiveCfg = Release|Win32
		{B15467FE-D9A8-3111-9357-AD7C6CD96775}.Release|Win32.Build.0 = Release|Win32
		{B15467FE-D9A8-3111-9357-AD7C6CD96775}.MinSizeRel|Win32.ActiveCfg = MinSizeRel|Win32
		{B15467FE-D9A8-3111-9357-AD7C6CD96775}.MinSizeRel|Win32.Build.0 = MinSizeRel|Win32
		{B15467FE-D9A8-3111-9357-AD7C6CD96775}.RelWithDebInfo|Win32.ActiveCfg = RelWithDebInfo|Win32
		{B15467FE-D9A8-3111-9357-AD7C6CD96775}.RelWithDebInfo|Win32.Build.0 = RelWithDebInfo|Win32
		{2A26F12A-AE07-36E9-8CE8-A49CC9A10058}.Debug|Win32.ActiveCfg = Debug|Win32
		{2A26F12A-AE07-36E9-8CE8-A49CC9A10058}.Debug|Win32.Build.0 = Debug|Win32
		{2A26F12A-AE07-36E9-8CE8-A49CC9A10058}.Release|Win32.ActiveCfg = Release|Win32
		{2A26F12A-AE07-36E9-8CE8-A49CC9A10058}.Release|Win32.Build.0 = Release|Win32
		{2A26F12A-AE07-36E9-8CE8-A49CC9A10058}.MinSizeRel|Win32.ActiveCfg = MinSizeRel|Win32
		{2A26F12A-AE07-36E9-8CE8-A49CC9A10058}.MinSizeRel|Win32.Build.0 = MinSizeRel|Win32
		{2A26F12A-AE07-36E9-8CE8-A49CC9A10058}.RelWithDebInfo|Win32.ActiveCfg = RelWithDebInfo|Win32
		{2A26F12A-AE07-36E9-8CE8-A49CC9A10058}.RelWithDebInfo|Win32.Build.0 = RelWithDebInfo|Win32
	EndGlobalSection
	GlobalSection(ExtensibilityGlobals) = postSolution
		SolutionGuid = {EBCBDF7D-93AC-3D75-88F4-F9601D208A99}
	EndGlobalSection
	GlobalSection(ExtensibilityAddIns) = postSolution
	EndGlobalSection
EndGlobal
